// !$*UTF8*$!
{
	archiveVersion = 1;
	classes = {
	};
	objectVersion = 46;
	objects = {

/* Begin PBXBuildFile section */
		3B3DA04516016C5D00812B84 /* 右端.png in Resources */ = {isa = PBXBuildFile; fileRef = 3B3DA04416016C5D00812B84 /* 右端.png */; };
		3B3DA04816016D6400812B84 /* 左端.png in Resources */ = {isa = PBXBuildFile; fileRef = 3B3DA04616016D6400812B84 /* 左端.png */; };
		3B3DA04916016D6400812B84 /* 真ん中.png in Resources */ = {isa = PBXBuildFile; fileRef = 3B3DA04716016D6400812B84 /* 真ん中.png */; };
		3B3DA04B1601741900812B84 /* スクリーンショット 2012-09-13 10.52.03.png in Resources */ = {isa = PBXBuildFile; fileRef = 3B3DA04A1601741900812B84 /* スクリーンショット 2012-09-13 10.52.03.png */; };
		3B99D47E15FE06470057BF71 /* readme.txt in Resources */ = {isa = PBXBuildFile; fileRef = 3B99D46415FE06470057BF71 /* readme.txt */; };
		3B99D47F15FE06470057BF71 /* compass48.png in Resources */ = {isa = PBXBuildFile; fileRef = 3B99D46715FE06470057BF71 /* compass48.png */; };
		3B99D48015FE06470057BF71 /* compass48@2x.png in Resources */ = {isa = PBXBuildFile; fileRef = 3B99D46815FE06470057BF71 /* compass48@2x.png */; };
		3B99D48115FE06470057BF71 /* goal.png in Resources */ = {isa = PBXBuildFile; fileRef = 3B99D46915FE06470057BF71 /* goal.png */; };
		3B99D48215FE06470057BF71 /* goal@2x.png in Resources */ = {isa = PBXBuildFile; fileRef = 3B99D46A15FE06470057BF71 /* goal@2x.png */; };
		3B99D48315FE06470057BF71 /* pin_green_s.png in Resources */ = {isa = PBXBuildFile; fileRef = 3B99D46B15FE06470057BF71 /* pin_green_s.png */; };
		3B99D48415FE06470057BF71 /* pin_green_s@2x.png in Resources */ = {isa = PBXBuildFile; fileRef = 3B99D46C15FE06470057BF71 /* pin_green_s@2x.png */; };
		3B99D48515FE06470057BF71 /* pin_head_l.png in Resources */ = {isa = PBXBuildFile; fileRef = 3B99D46D15FE06470057BF71 /* pin_head_l.png */; };
		3B99D48615FE06470057BF71 /* pin_head_s.png in Resources */ = {isa = PBXBuildFile; fileRef = 3B99D46E15FE06470057BF71 /* pin_head_s.png */; };
		3B99D48715FE06470057BF71 /* pin_purple_s.png in Resources */ = {isa = PBXBuildFile; fileRef = 3B99D46F15FE06470057BF71 /* pin_purple_s.png */; };
		3B99D48815FE06470057BF71 /* pin_purple_s@2x.png in Resources */ = {isa = PBXBuildFile; fileRef = 3B99D47015FE06470057BF71 /* pin_purple_s@2x.png */; };
		3B99D48915FE06470057BF71 /* pin_red_s.png in Resources */ = {isa = PBXBuildFile; fileRef = 3B99D47115FE06470057BF71 /* pin_red_s.png */; };
		3B99D48A15FE06470057BF71 /* pin_red_s@2x.png in Resources */ = {isa = PBXBuildFile; fileRef = 3B99D47215FE06470057BF71 /* pin_red_s@2x.png */; };
		3B99D48B15FE06470057BF71 /* purple_arrow.png in Resources */ = {isa = PBXBuildFile; fileRef = 3B99D47315FE06470057BF71 /* purple_arrow.png */; };
		3B99D48C15FE06470057BF71 /* route_goal_pin.png in Resources */ = {isa = PBXBuildFile; fileRef = 3B99D47415FE06470057BF71 /* route_goal_pin.png */; };
		3B99D48D15FE06470057BF71 /* route_goal_pin@2x.png in Resources */ = {isa = PBXBuildFile; fileRef = 3B99D47515FE06470057BF71 /* route_goal_pin@2x.png */; };
		3B99D48E15FE06470057BF71 /* route_pin.png in Resources */ = {isa = PBXBuildFile; fileRef = 3B99D47615FE06470057BF71 /* route_pin.png */; };
		3B99D48F15FE06470057BF71 /* route_pin@2x.png in Resources */ = {isa = PBXBuildFile; fileRef = 3B99D47715FE06470057BF71 /* route_pin@2x.png */; };
		3B99D49015FE06470057BF71 /* route_start_pin.png in Resources */ = {isa = PBXBuildFile; fileRef = 3B99D47815FE06470057BF71 /* route_start_pin.png */; };
		3B99D49115FE06470057BF71 /* route_start_pin@2x.png in Resources */ = {isa = PBXBuildFile; fileRef = 3B99D47915FE06470057BF71 /* route_start_pin@2x.png */; };
		3B99D49215FE06470057BF71 /* via.png in Resources */ = {isa = PBXBuildFile; fileRef = 3B99D47A15FE06470057BF71 /* via.png */; };
		3B99D49315FE06470057BF71 /* via@2x.png in Resources */ = {isa = PBXBuildFile; fileRef = 3B99D47B15FE06470057BF71 /* via@2x.png */; };
		3B99D49415FE06470057BF71 /* yback.png in Resources */ = {isa = PBXBuildFile; fileRef = 3B99D47C15FE06470057BF71 /* yback.png */; };
		3B99D49515FE06470057BF71 /* YMapKit.framework in Frameworks */ = {isa = PBXBuildFile; fileRef = 3B99D47D15FE06470057BF71 /* YMapKit.framework */; };
		3B99D49915FE43000057BF71 /* MyAnnotation.m in Sources */ = {isa = PBXBuildFile; fileRef = 3B99D49815FE43000057BF71 /* MyAnnotation.m */; };
		3B99D4A315FEC17C0057BF71 /* Twitter.framework in Frameworks */ = {isa = PBXBuildFile; fileRef = 3B99D4A215FEC17C0057BF71 /* Twitter.framework */; };
		3B99DC9115FEF34D0057BF71 /* Accounts.framework in Frameworks */ = {isa = PBXBuildFile; fileRef = 3B99DC9015FEF34D0057BF71 /* Accounts.framework */; };
		3B99DC9815FF12B40057BF71 /* スクリーンショット 2012-09-11 15.23.03.png in Resources */ = {isa = PBXBuildFile; fileRef = 3B99DC9715FF12B40057BF71 /* スクリーンショット 2012-09-11 15.23.03.png */; };
		3B99DC9A15FF12C30057BF71 /* スクリーンショット 2012-09-11 15.23.03.png in Resources */ = {isa = PBXBuildFile; fileRef = 3B99DC9915FF12C30057BF71 /* スクリーンショット 2012-09-11 15.23.03.png */; };
		3B9DA76715FD7F68005E78ED /* YMapKitTestAppDelegate.m in Sources */ = {isa = PBXBuildFile; fileRef = 3B9DA76615FD7F68005E78ED /* YMapKitTestAppDelegate.m */; };
		3B9DA7AB15FDAA0D005E78ED /* QuartzCore.framework in Frameworks */ = {isa = PBXBuildFile; fileRef = 3B9DA7AA15FDAA0D005E78ED /* QuartzCore.framework */; };
		3B9DA7AD15FDAA1E005E78ED /* OpenGLES.framework in Frameworks */ = {isa = PBXBuildFile; fileRef = 3B9DA7AC15FDAA1E005E78ED /* OpenGLES.framework */; };
		3B9DA7AF15FDAA2A005E78ED /* CoreLocation.framework in Frameworks */ = {isa = PBXBuildFile; fileRef = 3B9DA7AE15FDAA2A005E78ED /* CoreLocation.framework */; };
		3B9DA7B115FDAA32005E78ED /* SystemConfiguration.framework in Frameworks */ = {isa = PBXBuildFile; fileRef = 3B9DA7B015FDAA32005E78ED /* SystemConfiguration.framework */; };
		4C305C7415FDE7C30079526F /* (null) in Sources */ = {isa = PBXBuildFile; };
		4C6170CF15FD85F400484C52 /* arrow 1.png in Resources */ = {isa = PBXBuildFile; fileRef = 4C61707415FD85F400484C52 /* arrow 1.png */; };
		4C6170D015FD85F400484C52 /* arrow 2.png in Resources */ = {isa = PBXBuildFile; fileRef = 4C61707515FD85F400484C52 /* arrow 2.png */; };
		4C6170D115FD85F400484C52 /* arrow 3.png in Resources */ = {isa = PBXBuildFile; fileRef = 4C61707615FD85F400484C52 /* arrow 3.png */; };
		4C6170D215FD85F400484C52 /* arrow 4.png in Resources */ = {isa = PBXBuildFile; fileRef = 4C61707715FD85F400484C52 /* arrow 4.png */; };
		4C6170D315FD85F400484C52 /* arrow 5.png in Resources */ = {isa = PBXBuildFile; fileRef = 4C61707815FD85F400484C52 /* arrow 5.png */; };
		4C6170D415FD85F400484C52 /* arrow 6.png in Resources */ = {isa = PBXBuildFile; fileRef = 4C61707915FD85F400484C52 /* arrow 6.png */; };
		4C6170D515FD85F400484C52 /* award.png in Resources */ = {isa = PBXBuildFile; fileRef = 4C61707A15FD85F400484C52 /* award.png */; };
		4C6170D615FD85F400484C52 /* bag.png in Resources */ = {isa = PBXBuildFile; fileRef = 4C61707B15FD85F400484C52 /* bag.png */; };
		4C6170D715FD85F400484C52 /* battery 1.png in Resources */ = {isa = PBXBuildFile; fileRef = 4C61707C15FD85F400484C52 /* battery 1.png */; };
		4C6170D815FD85F400484C52 /* battery 2.png in Resources */ = {isa = PBXBuildFile; fileRef = 4C61707D15FD85F400484C52 /* battery 2.png */; };
		4C6170D915FD85F400484C52 /* bell.png in Resources */ = {isa = PBXBuildFile; fileRef = 4C61707E15FD85F400484C52 /* bell.png */; };
		4C6170DA15FD85F400484C52 /* book.png in Resources */ = {isa = PBXBuildFile; fileRef = 4C61707F15FD85F400484C52 /* book.png */; };
		4C6170DB15FD85F400484C52 /* bulb.png in Resources */ = {isa = PBXBuildFile; fileRef = 4C61708015FD85F400484C52 /* bulb.png */; };
		4C6170DC15FD85F400484C52 /* calendar.png in Resources */ = {isa = PBXBuildFile; fileRef = 4C61708115FD85F400484C52 /* calendar.png */; };
		4C6170DD15FD85F400484C52 /* camera.png in Resources */ = {isa = PBXBuildFile; fileRef = 4C61708215FD85F400484C52 /* camera.png */; };
		4C6170DE15FD85F400484C52 /* clock.png in Resources */ = {isa = PBXBuildFile; fileRef = 4C61708315FD85F400484C52 /* clock.png */; };
		4C6170DF15FD85F400484C52 /* cloud down.png in Resources */ = {isa = PBXBuildFile; fileRef = 4C61708415FD85F400484C52 /* cloud down.png */; };
		4C6170E015FD85F400484C52 /* cloud up.png in Resources */ = {isa = PBXBuildFile; fileRef = 4C61708515FD85F400484C52 /* cloud up.png */; };
		4C6170E115FD85F400484C52 /* cloud.png in Resources */ = {isa = PBXBuildFile; fileRef = 4C61708615FD85F400484C52 /* cloud.png */; };
		4C6170E215FD85F400484C52 /* comment 1.png in Resources */ = {isa = PBXBuildFile; fileRef = 4C61708715FD85F400484C52 /* comment 1.png */; };
		4C6170E315FD85F400484C52 /* comment 2.png in Resources */ = {isa = PBXBuildFile; fileRef = 4C61708815FD85F400484C52 /* comment 2.png */; };
		4C6170E415FD85F400484C52 /* display down.png in Resources */ = {isa = PBXBuildFile; fileRef = 4C61708915FD85F400484C52 /* display down.png */; };
		4C6170E515FD85F400484C52 /* display.png in Resources */ = {isa = PBXBuildFile; fileRef = 4C61708A15FD85F400484C52 /* display.png */; };
		4C6170E615FD85F400484C52 /* email 1.png in Resources */ = {isa = PBXBuildFile; fileRef = 4C61708B15FD85F400484C52 /* email 1.png */; };
		4C6170E715FD85F400484C52 /* email 2.png in Resources */ = {isa = PBXBuildFile; fileRef = 4C61708C15FD85F400484C52 /* email 2.png */; };
		4C6170E815FD85F400484C52 /* engine.png in Resources */ = {isa = PBXBuildFile; fileRef = 4C61708D15FD85F400484C52 /* engine.png */; };
		4C6170E915FD85F400484C52 /* error 1.png in Resources */ = {isa = PBXBuildFile; fileRef = 4C61708E15FD85F400484C52 /* error 1.png */; };
		4C6170EA15FD85F400484C52 /* error 2.png in Resources */ = {isa = PBXBuildFile; fileRef = 4C61708F15FD85F400484C52 /* error 2.png */; };
		4C6170EB15FD85F400484C52 /* eye.png in Resources */ = {isa = PBXBuildFile; fileRef = 4C61709015FD85F400484C52 /* eye.png */; };
		4C6170EC15FD85F400484C52 /* file 1.png in Resources */ = {isa = PBXBuildFile; fileRef = 4C61709115FD85F400484C52 /* file 1.png */; };
		4C6170ED15FD85F400484C52 /* file 2.png in Resources */ = {isa = PBXBuildFile; fileRef = 4C61709215FD85F400484C52 /* file 2.png */; };
		4C6170EE15FD85F400484C52 /* file 3.png in Resources */ = {isa = PBXBuildFile; fileRef = 4C61709315FD85F400484C52 /* file 3.png */; };
		4C6170EF15FD85F400484C52 /* file delete.png in Resources */ = {isa = PBXBuildFile; fileRef = 4C61709415FD85F400484C52 /* file delete.png */; };
		4C6170F015FD85F400484C52 /* file down.png in Resources */ = {isa = PBXBuildFile; fileRef = 4C61709515FD85F400484C52 /* file down.png */; };
		4C6170F115FD85F400484C52 /* file plus.png in Resources */ = {isa = PBXBuildFile; fileRef = 4C61709615FD85F400484C52 /* file plus.png */; };
		4C6170F215FD85F400484C52 /* file up.png in Resources */ = {isa = PBXBuildFile; fileRef = 4C61709715FD85F400484C52 /* file up.png */; };
		4C6170F315FD85F400484C52 /* flag.png in Resources */ = {isa = PBXBuildFile; fileRef = 4C61709815FD85F400484C52 /* flag.png */; };
		4C6170F415FD85F400484C52 /* flash.png in Resources */ = {isa = PBXBuildFile; fileRef = 4C61709915FD85F400484C52 /* flash.png */; };
		4C6170F515FD85F400484C52 /* graph.png in Resources */ = {isa = PBXBuildFile; fileRef = 4C61709A15FD85F400484C52 /* graph.png */; };
		4C6170F615FD85F400484C52 /* grid.png in Resources */ = {isa = PBXBuildFile; fileRef = 4C61709B15FD85F400484C52 /* grid.png */; };
		4C6170F715FD85F400484C52 /* heart.png in Resources */ = {isa = PBXBuildFile; fileRef = 4C61709C15FD85F400484C52 /* heart.png */; };
		4C6170F815FD85F400484C52 /* home.png in Resources */ = {isa = PBXBuildFile; fileRef = 4C61709D15FD85F400484C52 /* home.png */; };
		4C6170F915FD85F400484C52 /* info.png in Resources */ = {isa = PBXBuildFile; fileRef = 4C61709E15FD85F400484C52 /* info.png */; };
		4C6170FA15FD85F400484C52 /* list 1.png in Resources */ = {isa = PBXBuildFile; fileRef = 4C61709F15FD85F400484C52 /* list 1.png */; };
		4C6170FB15FD85F400484C52 /* list 2.png in Resources */ = {isa = PBXBuildFile; fileRef = 4C6170A015FD85F400484C52 /* list 2.png */; };
		4C6170FC15FD85F400484C52 /* location 1.png in Resources */ = {isa = PBXBuildFile; fileRef = 4C6170A115FD85F400484C52 /* location 1.png */; };
		4C6170FD15FD85F400484C52 /* location 2.png in Resources */ = {isa = PBXBuildFile; fileRef = 4C6170A215FD85F400484C52 /* location 2.png */; };
		4C6170FE15FD85F400484C52 /* location minus.png in Resources */ = {isa = PBXBuildFile; fileRef = 4C6170A315FD85F400484C52 /* location minus.png */; };
		4C6170FF15FD85F400484C52 /* location plus.png in Resources */ = {isa = PBXBuildFile; fileRef = 4C6170A415FD85F400484C52 /* location plus.png */; };
		4C61710015FD85F400484C52 /* locked.png in Resources */ = {isa = PBXBuildFile; fileRef = 4C6170A515FD85F400484C52 /* locked.png */; };
		4C61710115FD85F400484C52 /* map.png in Resources */ = {isa = PBXBuildFile; fileRef = 4C6170A615FD85F400484C52 /* map.png */; };
		4C61710215FD85F400484C52 /* mic.png in Resources */ = {isa = PBXBuildFile; fileRef = 4C6170A715FD85F400484C52 /* mic.png */; };
		4C61710315FD85F400484C52 /* minus.png in Resources */ = {isa = PBXBuildFile; fileRef = 4C6170A815FD85F400484C52 /* minus.png */; };
		4C61710415FD85F400484C52 /* movie.png in Resources */ = {isa = PBXBuildFile; fileRef = 4C6170A915FD85F400484C52 /* movie.png */; };
		4C61710515FD85F400484C52 /* nav.png in Resources */ = {isa = PBXBuildFile; fileRef = 4C6170AA15FD85F400484C52 /* nav.png */; };
		4C61710615FD85F400484C52 /* next 1.png in Resources */ = {isa = PBXBuildFile; fileRef = 4C6170AB15FD85F400484C52 /* next 1.png */; };
		4C61710715FD85F400484C52 /* next 2.png in Resources */ = {isa = PBXBuildFile; fileRef = 4C6170AC15FD85F400484C52 /* next 2.png */; };
		4C61710815FD85F400484C52 /* pause.png in Resources */ = {isa = PBXBuildFile; fileRef = 4C6170AD15FD85F400484C52 /* pause.png */; };
		4C61710915FD85F400484C52 /* picture.png in Resources */ = {isa = PBXBuildFile; fileRef = 4C6170AE15FD85F400484C52 /* picture.png */; };
		4C61710A15FD85F400484C52 /* play.png in Resources */ = {isa = PBXBuildFile; fileRef = 4C6170AF15FD85F400484C52 /* play.png */; };
		4C61710B15FD85F400484C52 /* plus.png in Resources */ = {isa = PBXBuildFile; fileRef = 4C6170B015FD85F400484C52 /* plus.png */; };
		4C61710C15FD85F400484C52 /* prev 1.png in Resources */ = {isa = PBXBuildFile; fileRef = 4C6170B115FD85F400484C52 /* prev 1.png */; };
		4C61710D15FD85F400484C52 /* prev 2.png in Resources */ = {isa = PBXBuildFile; fileRef = 4C6170B215FD85F400484C52 /* prev 2.png */; };
		4C61710E15FD85F400484C52 /* quote 1.png in Resources */ = {isa = PBXBuildFile; fileRef = 4C6170B315FD85F400484C52 /* quote 1.png */; };
		4C61710F15FD85F400484C52 /* quote 2.png in Resources */ = {isa = PBXBuildFile; fileRef = 4C6170B415FD85F400484C52 /* quote 2.png */; };
		4C61711015FD85F400484C52 /* ribbon.png in Resources */ = {isa = PBXBuildFile; fileRef = 4C6170B515FD85F400484C52 /* ribbon.png */; };
		4C61711115FD85F400484C52 /* rss 1.png in Resources */ = {isa = PBXBuildFile; fileRef = 4C6170B615FD85F400484C52 /* rss 1.png */; };
		4C61711215FD85F400484C52 /* rss 2.png in Resources */ = {isa = PBXBuildFile; fileRef = 4C6170B715FD85F400484C52 /* rss 2.png */; };
		4C61711315FD85F400484C52 /* search.png in Resources */ = {isa = PBXBuildFile; fileRef = 4C6170B815FD85F400484C52 /* search.png */; };
		4C61711415FD85F400484C52 /* share.png in Resources */ = {isa = PBXBuildFile; fileRef = 4C6170B915FD85F400484C52 /* share.png */; };
		4C61711515FD85F400484C52 /* shield.png in Resources */ = {isa = PBXBuildFile; fileRef = 4C6170BA15FD85F400484C52 /* shield.png */; };
		4C61711615FD85F400484C52 /* smashing.png in Resources */ = {isa = PBXBuildFile; fileRef = 4C6170BB15FD85F400484C52 /* smashing.png */; };
		4C61711715FD85F400484C52 /* sound 1.png in Resources */ = {isa = PBXBuildFile; fileRef = 4C6170BC15FD85F400484C52 /* sound 1.png */; };
		4C61711815FD85F400484C52 /* sound 2.png in Resources */ = {isa = PBXBuildFile; fileRef = 4C6170BD15FD85F400484C52 /* sound 2.png */; };
		4C61711915FD85F400484C52 /* sound 3.png in Resources */ = {isa = PBXBuildFile; fileRef = 4C6170BE15FD85F400484C52 /* sound 3.png */; };
		4C61711A15FD85F400484C52 /* sound 4.png in Resources */ = {isa = PBXBuildFile; fileRef = 4C6170BF15FD85F400484C52 /* sound 4.png */; };
		4C61711B15FD85F400484C52 /* star.png in Resources */ = {isa = PBXBuildFile; fileRef = 4C6170C015FD85F400484C52 /* star.png */; };
		4C61711C15FD85F400484C52 /* stats 1.png in Resources */ = {isa = PBXBuildFile; fileRef = 4C6170C115FD85F400484C52 /* stats 1.png */; };
		4C61711D15FD85F400484C52 /* stats 2.png in Resources */ = {isa = PBXBuildFile; fileRef = 4C6170C215FD85F400484C52 /* stats 2.png */; };
		4C61711E15FD85F400484C52 /* stats 3.png in Resources */ = {isa = PBXBuildFile; fileRef = 4C6170C315FD85F400484C52 /* stats 3.png */; };
		4C61711F15FD85F400484C52 /* stats 4.png in Resources */ = {isa = PBXBuildFile; fileRef = 4C6170C415FD85F400484C52 /* stats 4.png */; };
		4C61712015FD85F400484C52 /* stop.png in Resources */ = {isa = PBXBuildFile; fileRef = 4C6170C515FD85F400484C52 /* stop.png */; };
		4C61712115FD85F400484C52 /* t-shirt.png in Resources */ = {isa = PBXBuildFile; fileRef = 4C6170C615FD85F400484C52 /* t-shirt.png */; };
		4C61712215FD85F400484C52 /* tag.png in Resources */ = {isa = PBXBuildFile; fileRef = 4C6170C715FD85F400484C52 /* tag.png */; };
		4C61712315FD85F400484C52 /* tick 1.png in Resources */ = {isa = PBXBuildFile; fileRef = 4C6170C815FD85F400484C52 /* tick 1.png */; };
		4C61712415FD85F400484C52 /* tick 2.png in Resources */ = {isa = PBXBuildFile; fileRef = 4C6170C915FD85F400484C52 /* tick 2.png */; };
		4C61712515FD85F400484C52 /* trash.png in Resources */ = {isa = PBXBuildFile; fileRef = 4C6170CA15FD85F400484C52 /* trash.png */; };
		4C61712615FD85F400484C52 /* unlocked.png in Resources */ = {isa = PBXBuildFile; fileRef = 4C6170CB15FD85F400484C52 /* unlocked.png */; };
		4C61712715FD85F400484C52 /* user.png in Resources */ = {isa = PBXBuildFile; fileRef = 4C6170CC15FD85F400484C52 /* user.png */; };
		4C61712815FD85F400484C52 /* zoom minus.png in Resources */ = {isa = PBXBuildFile; fileRef = 4C6170CD15FD85F400484C52 /* zoom minus.png */; };
		4C61712915FD85F400484C52 /* zoom plus.png in Resources */ = {isa = PBXBuildFile; fileRef = 4C6170CE15FD85F400484C52 /* zoom plus.png */; };
		4C6E9E3015F83AD200ED8996 /* UIKit.framework in Frameworks */ = {isa = PBXBuildFile; fileRef = 4C6E9E2F15F83AD200ED8996 /* UIKit.framework */; };
		4C6E9E3215F83AD200ED8996 /* Foundation.framework in Frameworks */ = {isa = PBXBuildFile; fileRef = 4C6E9E3115F83AD200ED8996 /* Foundation.framework */; };
		4C6E9E3415F83AD200ED8996 /* CoreGraphics.framework in Frameworks */ = {isa = PBXBuildFile; fileRef = 4C6E9E3315F83AD200ED8996 /* CoreGraphics.framework */; };
		4C6E9E3A15F83AD200ED8996 /* InfoPlist.strings in Resources */ = {isa = PBXBuildFile; fileRef = 4C6E9E3815F83AD200ED8996 /* InfoPlist.strings */; };
		4C6E9E3C15F83AD200ED8996 /* main.m in Sources */ = {isa = PBXBuildFile; fileRef = 4C6E9E3B15F83AD200ED8996 /* main.m */; };
		4C6E9E4015F83AD200ED8996 /* AppDelegate.m in Sources */ = {isa = PBXBuildFile; fileRef = 4C6E9E3F15F83AD200ED8996 /* AppDelegate.m */; };
		4C6E9E4315F83AD200ED8996 /* MainStoryboard.storyboard in Resources */ = {isa = PBXBuildFile; fileRef = 4C6E9E4115F83AD200ED8996 /* MainStoryboard.storyboard */; };
		4C6E9E4615F83AD200ED8996 /* ViewController.m in Sources */ = {isa = PBXBuildFile; fileRef = 4C6E9E4515F83AD200ED8996 /* ViewController.m */; };
		4C6E9E4E15F83AD200ED8996 /* SenTestingKit.framework in Frameworks */ = {isa = PBXBuildFile; fileRef = 4C6E9E4D15F83AD200ED8996 /* SenTestingKit.framework */; };
		4C6E9E4F15F83AD200ED8996 /* UIKit.framework in Frameworks */ = {isa = PBXBuildFile; fileRef = 4C6E9E2F15F83AD200ED8996 /* UIKit.framework */; };
		4C6E9E5015F83AD200ED8996 /* Foundation.framework in Frameworks */ = {isa = PBXBuildFile; fileRef = 4C6E9E3115F83AD200ED8996 /* Foundation.framework */; };
		4C6E9E5815F83AD200ED8996 /* InfoPlist.strings in Resources */ = {isa = PBXBuildFile; fileRef = 4C6E9E5615F83AD200ED8996 /* InfoPlist.strings */; };
		4C6E9E5B15F83AD200ED8996 /* MartistTests.m in Sources */ = {isa = PBXBuildFile; fileRef = 4C6E9E5A15F83AD200ED8996 /* MartistTests.m */; };
		4C6E9E6D15F8691A00ED8996 /* MapKit.framework in Frameworks */ = {isa = PBXBuildFile; fileRef = 4C6E9E6C15F8691A00ED8996 /* MapKit.framework */; };
		4C6E9EED15F8BCF100ED8996 /* DrawOnTap.m in Sources */ = {isa = PBXBuildFile; fileRef = 4C6E9EEC15F8BCF000ED8996 /* DrawOnTap.m */; };
		4C6E9EF015F97CA800ED8996 /* Memorial.m in Sources */ = {isa = PBXBuildFile; fileRef = 4C6E9EEF15F97CA800ED8996 /* Memorial.m */; };
		4C6E9EF315F97F3400ED8996 /* Setting.m in Sources */ = {isa = PBXBuildFile; fileRef = 4C6E9EF215F97F3400ED8996 /* Setting.m */; };
		4C6E9EF615F97F7800ED8996 /* SNSConnection.m in Sources */ = {isa = PBXBuildFile; fileRef = 4C6E9EF515F97F7800ED8996 /* SNSConnection.m */; };
		4C6E9EF915F97F9E00ED8996 /* DrawOnMap.m in Sources */ = {isa = PBXBuildFile; fileRef = 4C6E9EF815F97F9E00ED8996 /* DrawOnMap.m */; };
		4CC7D61B15FC5A68002B89C7 /* libsqlite3.0.dylib in Frameworks */ = {isa = PBXBuildFile; fileRef = 4CC7D61A15FC5A68002B89C7 /* libsqlite3.0.dylib */; };
		4CC7D62A15FC64D6002B89C7 /* FMDatabase.m in Sources */ = {isa = PBXBuildFile; fileRef = 4CC7D62015FC64D6002B89C7 /* FMDatabase.m */; };
		4CC7D62B15FC64D6002B89C7 /* FMDatabaseAdditions.m in Sources */ = {isa = PBXBuildFile; fileRef = 4CC7D62215FC64D6002B89C7 /* FMDatabaseAdditions.m */; };
		4CC7D62C15FC64D6002B89C7 /* FMDatabasePool.m in Sources */ = {isa = PBXBuildFile; fileRef = 4CC7D62415FC64D6002B89C7 /* FMDatabasePool.m */; };
		4CC7D62D15FC64D6002B89C7 /* FMDatabaseQueue.m in Sources */ = {isa = PBXBuildFile; fileRef = 4CC7D62615FC64D6002B89C7 /* FMDatabaseQueue.m */; };
		4CC7D62F15FC64D6002B89C7 /* FMResultSet.m in Sources */ = {isa = PBXBuildFile; fileRef = 4CC7D62915FC64D6002B89C7 /* FMResultSet.m */; };
		4CC7D63215FC656B002B89C7 /* DBCreate.m in Sources */ = {isa = PBXBuildFile; fileRef = 4CC7D63115FC656B002B89C7 /* DBCreate.m */; };
		4CE9B42F15FF13F600A33AAC /* DBCreate.m in Sources */ = {isa = PBXBuildFile; fileRef = 4CC7D63115FC656B002B89C7 /* DBCreate.m */; };
		4CE9B43115FF39F400A33AAC /* 透明　ボタン.png in Resources */ = {isa = PBXBuildFile; fileRef = 4CE9B43015FF39F400A33AAC /* 透明　ボタン.png */; };
/* End PBXBuildFile section */

/* Begin PBXContainerItemProxy section */
		4C6E9E5115F83AD200ED8996 /* PBXContainerItemProxy */ = {
			isa = PBXContainerItemProxy;
			containerPortal = 4C6E9E2215F83AD200ED8996 /* Project object */;
			proxyType = 1;
			remoteGlobalIDString = 4C6E9E2A15F83AD200ED8996;
			remoteInfo = Martist;
		};
/* End PBXContainerItemProxy section */

/* Begin PBXFileReference section */
		3B3DA04416016C5D00812B84 /* 右端.png */ = {isa = PBXFileReference; lastKnownFileType = image.png; path = "右端.png"; sourceTree = "<group>"; };
		3B3DA04616016D6400812B84 /* 左端.png */ = {isa = PBXFileReference; lastKnownFileType = image.png; path = "左端.png"; sourceTree = "<group>"; };
		3B3DA04716016D6400812B84 /* 真ん中.png */ = {isa = PBXFileReference; lastKnownFileType = image.png; path = "真ん中.png"; sourceTree = "<group>"; };
		3B3DA04A1601741900812B84 /* スクリーンショット 2012-09-13 10.52.03.png */ = {isa = PBXFileReference; lastKnownFileType = image.png; path = "スクリーンショット 2012-09-13 10.52.03.png"; sourceTree = "<group>"; };
		3B99D46415FE06470057BF71 /* readme.txt */ = {isa = PBXFileReference; fileEncoding = 4; lastKnownFileType = text; path = readme.txt; sourceTree = "<group>"; };
		3B99D46715FE06470057BF71 /* compass48.png */ = {isa = PBXFileReference; lastKnownFileType = image.png; name = compass48.png; path = "../mapsdk_ios /Ymap/image/compass48.png"; sourceTree = "<group>"; };
		3B99D46815FE06470057BF71 /* compass48@2x.png */ = {isa = PBXFileReference; lastKnownFileType = image.png; name = "compass48@2x.png"; path = "../mapsdk_ios /Ymap/image/compass48@2x.png"; sourceTree = "<group>"; };
		3B99D46915FE06470057BF71 /* goal.png */ = {isa = PBXFileReference; lastKnownFileType = image.png; name = goal.png; path = "../mapsdk_ios /Ymap/image/goal.png"; sourceTree = "<group>"; };
		3B99D46A15FE06470057BF71 /* goal@2x.png */ = {isa = PBXFileReference; lastKnownFileType = image.png; name = "goal@2x.png"; path = "../mapsdk_ios /Ymap/image/goal@2x.png"; sourceTree = "<group>"; };
		3B99D46B15FE06470057BF71 /* pin_green_s.png */ = {isa = PBXFileReference; lastKnownFileType = image.png; name = pin_green_s.png; path = "../mapsdk_ios /Ymap/image/pin_green_s.png"; sourceTree = "<group>"; };
		3B99D46C15FE06470057BF71 /* pin_green_s@2x.png */ = {isa = PBXFileReference; lastKnownFileType = image.png; name = "pin_green_s@2x.png"; path = "../mapsdk_ios /Ymap/image/pin_green_s@2x.png"; sourceTree = "<group>"; };
		3B99D46D15FE06470057BF71 /* pin_head_l.png */ = {isa = PBXFileReference; lastKnownFileType = image.png; name = pin_head_l.png; path = "../mapsdk_ios /Ymap/image/pin_head_l.png"; sourceTree = "<group>"; };
		3B99D46E15FE06470057BF71 /* pin_head_s.png */ = {isa = PBXFileReference; lastKnownFileType = image.png; name = pin_head_s.png; path = "../mapsdk_ios /Ymap/image/pin_head_s.png"; sourceTree = "<group>"; };
		3B99D46F15FE06470057BF71 /* pin_purple_s.png */ = {isa = PBXFileReference; lastKnownFileType = image.png; name = pin_purple_s.png; path = "../mapsdk_ios /Ymap/image/pin_purple_s.png"; sourceTree = "<group>"; };
		3B99D47015FE06470057BF71 /* pin_purple_s@2x.png */ = {isa = PBXFileReference; lastKnownFileType = image.png; name = "pin_purple_s@2x.png"; path = "../mapsdk_ios /Ymap/image/pin_purple_s@2x.png"; sourceTree = "<group>"; };
		3B99D47115FE06470057BF71 /* pin_red_s.png */ = {isa = PBXFileReference; lastKnownFileType = image.png; name = pin_red_s.png; path = "../mapsdk_ios /Ymap/image/pin_red_s.png"; sourceTree = "<group>"; };
		3B99D47215FE06470057BF71 /* pin_red_s@2x.png */ = {isa = PBXFileReference; lastKnownFileType = image.png; name = "pin_red_s@2x.png"; path = "../mapsdk_ios /Ymap/image/pin_red_s@2x.png"; sourceTree = "<group>"; };
		3B99D47315FE06470057BF71 /* purple_arrow.png */ = {isa = PBXFileReference; lastKnownFileType = image.png; name = purple_arrow.png; path = "../mapsdk_ios /Ymap/image/purple_arrow.png"; sourceTree = "<group>"; };
		3B99D47415FE06470057BF71 /* route_goal_pin.png */ = {isa = PBXFileReference; lastKnownFileType = image.png; name = route_goal_pin.png; path = "../mapsdk_ios /Ymap/image/route_goal_pin.png"; sourceTree = "<group>"; };
		3B99D47515FE06470057BF71 /* route_goal_pin@2x.png */ = {isa = PBXFileReference; lastKnownFileType = image.png; name = "route_goal_pin@2x.png"; path = "../mapsdk_ios /Ymap/image/route_goal_pin@2x.png"; sourceTree = "<group>"; };
		3B99D47615FE06470057BF71 /* route_pin.png */ = {isa = PBXFileReference; lastKnownFileType = image.png; name = route_pin.png; path = "../mapsdk_ios /Ymap/image/route_pin.png"; sourceTree = "<group>"; };
		3B99D47715FE06470057BF71 /* route_pin@2x.png */ = {isa = PBXFileReference; lastKnownFileType = image.png; name = "route_pin@2x.png"; path = "../mapsdk_ios /Ymap/image/route_pin@2x.png"; sourceTree = "<group>"; };
		3B99D47815FE06470057BF71 /* route_start_pin.png */ = {isa = PBXFileReference; lastKnownFileType = image.png; name = route_start_pin.png; path = "../mapsdk_ios /Ymap/image/route_start_pin.png"; sourceTree = "<group>"; };
		3B99D47915FE06470057BF71 /* route_start_pin@2x.png */ = {isa = PBXFileReference; lastKnownFileType = image.png; name = "route_start_pin@2x.png"; path = "../mapsdk_ios /Ymap/image/route_start_pin@2x.png"; sourceTree = "<group>"; };
		3B99D47A15FE06470057BF71 /* via.png */ = {isa = PBXFileReference; lastKnownFileType = image.png; name = via.png; path = "../mapsdk_ios /Ymap/image/via.png"; sourceTree = "<group>"; };
		3B99D47B15FE06470057BF71 /* via@2x.png */ = {isa = PBXFileReference; lastKnownFileType = image.png; name = "via@2x.png"; path = "../mapsdk_ios /Ymap/image/via@2x.png"; sourceTree = "<group>"; };
		3B99D47C15FE06470057BF71 /* yback.png */ = {isa = PBXFileReference; lastKnownFileType = image.png; name = yback.png; path = "../mapsdk_ios /Ymap/image/yback.png"; sourceTree = "<group>"; };
		3B99D47D15FE06470057BF71 /* YMapKit.framework */ = {isa = PBXFileReference; lastKnownFileType = wrapper.framework; path = YMapKit.framework; sourceTree = "<group>"; };
		3B99D49715FE43000057BF71 /* MyAnnotation.h */ = {isa = PBXFileReference; fileEncoding = 4; lastKnownFileType = sourcecode.c.h; path = MyAnnotation.h; sourceTree = "<group>"; };
		3B99D49815FE43000057BF71 /* MyAnnotation.m */ = {isa = PBXFileReference; fileEncoding = 4; lastKnownFileType = sourcecode.c.objc; path = MyAnnotation.m; sourceTree = "<group>"; };
		3B99D4A215FEC17C0057BF71 /* Twitter.framework */ = {isa = PBXFileReference; lastKnownFileType = wrapper.framework; name = Twitter.framework; path = System/Library/Frameworks/Twitter.framework; sourceTree = SDKROOT; };
		3B99DC9015FEF34D0057BF71 /* Accounts.framework */ = {isa = PBXFileReference; lastKnownFileType = wrapper.framework; name = Accounts.framework; path = System/Library/Frameworks/Accounts.framework; sourceTree = SDKROOT; };
		3B99DC9715FF12B40057BF71 /* スクリーンショット 2012-09-11 15.23.03.png */ = {isa = PBXFileReference; lastKnownFileType = image.png; path = "スクリーンショット 2012-09-11 15.23.03.png"; sourceTree = "<group>"; };
		3B99DC9915FF12C30057BF71 /* スクリーンショット 2012-09-11 15.23.03.png */ = {isa = PBXFileReference; lastKnownFileType = image.png; path = "スクリーンショット 2012-09-11 15.23.03.png"; sourceTree = "<group>"; };
		3B9DA76515FD7F68005E78ED /* YMapKitTestAppDelegate.h */ = {isa = PBXFileReference; fileEncoding = 4; lastKnownFileType = sourcecode.c.h; path = YMapKitTestAppDelegate.h; sourceTree = "<group>"; };
		3B9DA76615FD7F68005E78ED /* YMapKitTestAppDelegate.m */ = {isa = PBXFileReference; fileEncoding = 4; lastKnownFileType = sourcecode.c.objc; path = YMapKitTestAppDelegate.m; sourceTree = "<group>"; };
		3B9DA7AA15FDAA0D005E78ED /* QuartzCore.framework */ = {isa = PBXFileReference; lastKnownFileType = wrapper.framework; name = QuartzCore.framework; path = System/Library/Frameworks/QuartzCore.framework; sourceTree = SDKROOT; };
		3B9DA7AC15FDAA1E005E78ED /* OpenGLES.framework */ = {isa = PBXFileReference; lastKnownFileType = wrapper.framework; name = OpenGLES.framework; path = System/Library/Frameworks/OpenGLES.framework; sourceTree = SDKROOT; };
		3B9DA7AE15FDAA2A005E78ED /* CoreLocation.framework */ = {isa = PBXFileReference; lastKnownFileType = wrapper.framework; name = CoreLocation.framework; path = System/Library/Frameworks/CoreLocation.framework; sourceTree = SDKROOT; };
		3B9DA7B015FDAA32005E78ED /* SystemConfiguration.framework */ = {isa = PBXFileReference; lastKnownFileType = wrapper.framework; name = SystemConfiguration.framework; path = System/Library/Frameworks/SystemConfiguration.framework; sourceTree = SDKROOT; };
		4C61707415FD85F400484C52 /* arrow 1.png */ = {isa = PBXFileReference; lastKnownFileType = image.png; path = "arrow 1.png"; sourceTree = "<group>"; };
		4C61707515FD85F400484C52 /* arrow 2.png */ = {isa = PBXFileReference; lastKnownFileType = image.png; path = "arrow 2.png"; sourceTree = "<group>"; };
		4C61707615FD85F400484C52 /* arrow 3.png */ = {isa = PBXFileReference; lastKnownFileType = image.png; path = "arrow 3.png"; sourceTree = "<group>"; };
		4C61707715FD85F400484C52 /* arrow 4.png */ = {isa = PBXFileReference; lastKnownFileType = image.png; path = "arrow 4.png"; sourceTree = "<group>"; };
		4C61707815FD85F400484C52 /* arrow 5.png */ = {isa = PBXFileReference; lastKnownFileType = image.png; path = "arrow 5.png"; sourceTree = "<group>"; };
		4C61707915FD85F400484C52 /* arrow 6.png */ = {isa = PBXFileReference; lastKnownFileType = image.png; path = "arrow 6.png"; sourceTree = "<group>"; };
		4C61707A15FD85F400484C52 /* award.png */ = {isa = PBXFileReference; lastKnownFileType = image.png; path = award.png; sourceTree = "<group>"; };
		4C61707B15FD85F400484C52 /* bag.png */ = {isa = PBXFileReference; lastKnownFileType = image.png; path = bag.png; sourceTree = "<group>"; };
		4C61707C15FD85F400484C52 /* battery 1.png */ = {isa = PBXFileReference; lastKnownFileType = image.png; path = "battery 1.png"; sourceTree = "<group>"; };
		4C61707D15FD85F400484C52 /* battery 2.png */ = {isa = PBXFileReference; lastKnownFileType = image.png; path = "battery 2.png"; sourceTree = "<group>"; };
		4C61707E15FD85F400484C52 /* bell.png */ = {isa = PBXFileReference; lastKnownFileType = image.png; path = bell.png; sourceTree = "<group>"; };
		4C61707F15FD85F400484C52 /* book.png */ = {isa = PBXFileReference; lastKnownFileType = image.png; path = book.png; sourceTree = "<group>"; };
		4C61708015FD85F400484C52 /* bulb.png */ = {isa = PBXFileReference; lastKnownFileType = image.png; path = bulb.png; sourceTree = "<group>"; };
		4C61708115FD85F400484C52 /* calendar.png */ = {isa = PBXFileReference; lastKnownFileType = image.png; path = calendar.png; sourceTree = "<group>"; };
		4C61708215FD85F400484C52 /* camera.png */ = {isa = PBXFileReference; lastKnownFileType = image.png; path = camera.png; sourceTree = "<group>"; };
		4C61708315FD85F400484C52 /* clock.png */ = {isa = PBXFileReference; lastKnownFileType = image.png; path = clock.png; sourceTree = "<group>"; };
		4C61708415FD85F400484C52 /* cloud down.png */ = {isa = PBXFileReference; lastKnownFileType = image.png; path = "cloud down.png"; sourceTree = "<group>"; };
		4C61708515FD85F400484C52 /* cloud up.png */ = {isa = PBXFileReference; lastKnownFileType = image.png; path = "cloud up.png"; sourceTree = "<group>"; };
		4C61708615FD85F400484C52 /* cloud.png */ = {isa = PBXFileReference; lastKnownFileType = image.png; path = cloud.png; sourceTree = "<group>"; };
		4C61708715FD85F400484C52 /* comment 1.png */ = {isa = PBXFileReference; lastKnownFileType = image.png; path = "comment 1.png"; sourceTree = "<group>"; };
		4C61708815FD85F400484C52 /* comment 2.png */ = {isa = PBXFileReference; lastKnownFileType = image.png; path = "comment 2.png"; sourceTree = "<group>"; };
		4C61708915FD85F400484C52 /* display down.png */ = {isa = PBXFileReference; lastKnownFileType = image.png; path = "display down.png"; sourceTree = "<group>"; };
		4C61708A15FD85F400484C52 /* display.png */ = {isa = PBXFileReference; lastKnownFileType = image.png; path = display.png; sourceTree = "<group>"; };
		4C61708B15FD85F400484C52 /* email 1.png */ = {isa = PBXFileReference; lastKnownFileType = image.png; path = "email 1.png"; sourceTree = "<group>"; };
		4C61708C15FD85F400484C52 /* email 2.png */ = {isa = PBXFileReference; lastKnownFileType = image.png; path = "email 2.png"; sourceTree = "<group>"; };
		4C61708D15FD85F400484C52 /* engine.png */ = {isa = PBXFileReference; lastKnownFileType = image.png; path = engine.png; sourceTree = "<group>"; };
		4C61708E15FD85F400484C52 /* error 1.png */ = {isa = PBXFileReference; lastKnownFileType = image.png; path = "error 1.png"; sourceTree = "<group>"; };
		4C61708F15FD85F400484C52 /* error 2.png */ = {isa = PBXFileReference; lastKnownFileType = image.png; path = "error 2.png"; sourceTree = "<group>"; };
		4C61709015FD85F400484C52 /* eye.png */ = {isa = PBXFileReference; lastKnownFileType = image.png; path = eye.png; sourceTree = "<group>"; };
		4C61709115FD85F400484C52 /* file 1.png */ = {isa = PBXFileReference; lastKnownFileType = image.png; path = "file 1.png"; sourceTree = "<group>"; };
		4C61709215FD85F400484C52 /* file 2.png */ = {isa = PBXFileReference; lastKnownFileType = image.png; path = "file 2.png"; sourceTree = "<group>"; };
		4C61709315FD85F400484C52 /* file 3.png */ = {isa = PBXFileReference; lastKnownFileType = image.png; path = "file 3.png"; sourceTree = "<group>"; };
		4C61709415FD85F400484C52 /* file delete.png */ = {isa = PBXFileReference; lastKnownFileType = image.png; path = "file delete.png"; sourceTree = "<group>"; };
		4C61709515FD85F400484C52 /* file down.png */ = {isa = PBXFileReference; lastKnownFileType = image.png; path = "file down.png"; sourceTree = "<group>"; };
		4C61709615FD85F400484C52 /* file plus.png */ = {isa = PBXFileReference; lastKnownFileType = image.png; path = "file plus.png"; sourceTree = "<group>"; };
		4C61709715FD85F400484C52 /* file up.png */ = {isa = PBXFileReference; lastKnownFileType = image.png; path = "file up.png"; sourceTree = "<group>"; };
		4C61709815FD85F400484C52 /* flag.png */ = {isa = PBXFileReference; lastKnownFileType = image.png; path = flag.png; sourceTree = "<group>"; };
		4C61709915FD85F400484C52 /* flash.png */ = {isa = PBXFileReference; lastKnownFileType = image.png; path = flash.png; sourceTree = "<group>"; };
		4C61709A15FD85F400484C52 /* graph.png */ = {isa = PBXFileReference; lastKnownFileType = image.png; path = graph.png; sourceTree = "<group>"; };
		4C61709B15FD85F400484C52 /* grid.png */ = {isa = PBXFileReference; lastKnownFileType = image.png; path = grid.png; sourceTree = "<group>"; };
		4C61709C15FD85F400484C52 /* heart.png */ = {isa = PBXFileReference; lastKnownFileType = image.png; path = heart.png; sourceTree = "<group>"; };
		4C61709D15FD85F400484C52 /* home.png */ = {isa = PBXFileReference; lastKnownFileType = image.png; path = home.png; sourceTree = "<group>"; };
		4C61709E15FD85F400484C52 /* info.png */ = {isa = PBXFileReference; lastKnownFileType = image.png; path = info.png; sourceTree = "<group>"; };
		4C61709F15FD85F400484C52 /* list 1.png */ = {isa = PBXFileReference; lastKnownFileType = image.png; path = "list 1.png"; sourceTree = "<group>"; };
		4C6170A015FD85F400484C52 /* list 2.png */ = {isa = PBXFileReference; lastKnownFileType = image.png; path = "list 2.png"; sourceTree = "<group>"; };
		4C6170A115FD85F400484C52 /* location 1.png */ = {isa = PBXFileReference; lastKnownFileType = image.png; path = "location 1.png"; sourceTree = "<group>"; };
		4C6170A215FD85F400484C52 /* location 2.png */ = {isa = PBXFileReference; lastKnownFileType = image.png; path = "location 2.png"; sourceTree = "<group>"; };
		4C6170A315FD85F400484C52 /* location minus.png */ = {isa = PBXFileReference; lastKnownFileType = image.png; path = "location minus.png"; sourceTree = "<group>"; };
		4C6170A415FD85F400484C52 /* location plus.png */ = {isa = PBXFileReference; lastKnownFileType = image.png; path = "location plus.png"; sourceTree = "<group>"; };
		4C6170A515FD85F400484C52 /* locked.png */ = {isa = PBXFileReference; lastKnownFileType = image.png; path = locked.png; sourceTree = "<group>"; };
		4C6170A615FD85F400484C52 /* map.png */ = {isa = PBXFileReference; lastKnownFileType = image.png; path = map.png; sourceTree = "<group>"; };
		4C6170A715FD85F400484C52 /* mic.png */ = {isa = PBXFileReference; lastKnownFileType = image.png; path = mic.png; sourceTree = "<group>"; };
		4C6170A815FD85F400484C52 /* minus.png */ = {isa = PBXFileReference; lastKnownFileType = image.png; path = minus.png; sourceTree = "<group>"; };
		4C6170A915FD85F400484C52 /* movie.png */ = {isa = PBXFileReference; lastKnownFileType = image.png; path = movie.png; sourceTree = "<group>"; };
		4C6170AA15FD85F400484C52 /* nav.png */ = {isa = PBXFileReference; lastKnownFileType = image.png; path = nav.png; sourceTree = "<group>"; };
		4C6170AB15FD85F400484C52 /* next 1.png */ = {isa = PBXFileReference; lastKnownFileType = image.png; path = "next 1.png"; sourceTree = "<group>"; };
		4C6170AC15FD85F400484C52 /* next 2.png */ = {isa = PBXFileReference; lastKnownFileType = image.png; path = "next 2.png"; sourceTree = "<group>"; };
		4C6170AD15FD85F400484C52 /* pause.png */ = {isa = PBXFileReference; lastKnownFileType = image.png; path = pause.png; sourceTree = "<group>"; };
		4C6170AE15FD85F400484C52 /* picture.png */ = {isa = PBXFileReference; lastKnownFileType = image.png; path = picture.png; sourceTree = "<group>"; };
		4C6170AF15FD85F400484C52 /* play.png */ = {isa = PBXFileReference; lastKnownFileType = image.png; path = play.png; sourceTree = "<group>"; };
		4C6170B015FD85F400484C52 /* plus.png */ = {isa = PBXFileReference; lastKnownFileType = image.png; path = plus.png; sourceTree = "<group>"; };
		4C6170B115FD85F400484C52 /* prev 1.png */ = {isa = PBXFileReference; lastKnownFileType = image.png; path = "prev 1.png"; sourceTree = "<group>"; };
		4C6170B215FD85F400484C52 /* prev 2.png */ = {isa = PBXFileReference; lastKnownFileType = image.png; path = "prev 2.png"; sourceTree = "<group>"; };
		4C6170B315FD85F400484C52 /* quote 1.png */ = {isa = PBXFileReference; lastKnownFileType = image.png; path = "quote 1.png"; sourceTree = "<group>"; };
		4C6170B415FD85F400484C52 /* quote 2.png */ = {isa = PBXFileReference; lastKnownFileType = image.png; path = "quote 2.png"; sourceTree = "<group>"; };
		4C6170B515FD85F400484C52 /* ribbon.png */ = {isa = PBXFileReference; lastKnownFileType = image.png; path = ribbon.png; sourceTree = "<group>"; };
		4C6170B615FD85F400484C52 /* rss 1.png */ = {isa = PBXFileReference; lastKnownFileType = image.png; path = "rss 1.png"; sourceTree = "<group>"; };
		4C6170B715FD85F400484C52 /* rss 2.png */ = {isa = PBXFileReference; lastKnownFileType = image.png; path = "rss 2.png"; sourceTree = "<group>"; };
		4C6170B815FD85F400484C52 /* search.png */ = {isa = PBXFileReference; lastKnownFileType = image.png; path = search.png; sourceTree = "<group>"; };
		4C6170B915FD85F400484C52 /* share.png */ = {isa = PBXFileReference; lastKnownFileType = image.png; path = share.png; sourceTree = "<group>"; };
		4C6170BA15FD85F400484C52 /* shield.png */ = {isa = PBXFileReference; lastKnownFileType = image.png; path = shield.png; sourceTree = "<group>"; };
		4C6170BB15FD85F400484C52 /* smashing.png */ = {isa = PBXFileReference; lastKnownFileType = image.png; path = smashing.png; sourceTree = "<group>"; };
		4C6170BC15FD85F400484C52 /* sound 1.png */ = {isa = PBXFileReference; lastKnownFileType = image.png; path = "sound 1.png"; sourceTree = "<group>"; };
		4C6170BD15FD85F400484C52 /* sound 2.png */ = {isa = PBXFileReference; lastKnownFileType = image.png; path = "sound 2.png"; sourceTree = "<group>"; };
		4C6170BE15FD85F400484C52 /* sound 3.png */ = {isa = PBXFileReference; lastKnownFileType = image.png; path = "sound 3.png"; sourceTree = "<group>"; };
		4C6170BF15FD85F400484C52 /* sound 4.png */ = {isa = PBXFileReference; lastKnownFileType = image.png; path = "sound 4.png"; sourceTree = "<group>"; };
		4C6170C015FD85F400484C52 /* star.png */ = {isa = PBXFileReference; lastKnownFileType = image.png; path = star.png; sourceTree = "<group>"; };
		4C6170C115FD85F400484C52 /* stats 1.png */ = {isa = PBXFileReference; lastKnownFileType = image.png; path = "stats 1.png"; sourceTree = "<group>"; };
		4C6170C215FD85F400484C52 /* stats 2.png */ = {isa = PBXFileReference; lastKnownFileType = image.png; path = "stats 2.png"; sourceTree = "<group>"; };
		4C6170C315FD85F400484C52 /* stats 3.png */ = {isa = PBXFileReference; lastKnownFileType = image.png; path = "stats 3.png"; sourceTree = "<group>"; };
		4C6170C415FD85F400484C52 /* stats 4.png */ = {isa = PBXFileReference; lastKnownFileType = image.png; path = "stats 4.png"; sourceTree = "<group>"; };
		4C6170C515FD85F400484C52 /* stop.png */ = {isa = PBXFileReference; lastKnownFileType = image.png; path = stop.png; sourceTree = "<group>"; };
		4C6170C615FD85F400484C52 /* t-shirt.png */ = {isa = PBXFileReference; lastKnownFileType = image.png; path = "t-shirt.png"; sourceTree = "<group>"; };
		4C6170C715FD85F400484C52 /* tag.png */ = {isa = PBXFileReference; lastKnownFileType = image.png; path = tag.png; sourceTree = "<group>"; };
		4C6170C815FD85F400484C52 /* tick 1.png */ = {isa = PBXFileReference; lastKnownFileType = image.png; path = "tick 1.png"; sourceTree = "<group>"; };
		4C6170C915FD85F400484C52 /* tick 2.png */ = {isa = PBXFileReference; lastKnownFileType = image.png; path = "tick 2.png"; sourceTree = "<group>"; };
		4C6170CA15FD85F400484C52 /* trash.png */ = {isa = PBXFileReference; lastKnownFileType = image.png; path = trash.png; sourceTree = "<group>"; };
		4C6170CB15FD85F400484C52 /* unlocked.png */ = {isa = PBXFileReference; lastKnownFileType = image.png; path = unlocked.png; sourceTree = "<group>"; };
		4C6170CC15FD85F400484C52 /* user.png */ = {isa = PBXFileReference; lastKnownFileType = image.png; path = user.png; sourceTree = "<group>"; };
		4C6170CD15FD85F400484C52 /* zoom minus.png */ = {isa = PBXFileReference; lastKnownFileType = image.png; path = "zoom minus.png"; sourceTree = "<group>"; };
		4C6170CE15FD85F400484C52 /* zoom plus.png */ = {isa = PBXFileReference; lastKnownFileType = image.png; path = "zoom plus.png"; sourceTree = "<group>"; };
		4C6E9E2B15F83AD200ED8996 /* Martist.app */ = {isa = PBXFileReference; explicitFileType = wrapper.application; includeInIndex = 0; path = Martist.app; sourceTree = BUILT_PRODUCTS_DIR; };
		4C6E9E2F15F83AD200ED8996 /* UIKit.framework */ = {isa = PBXFileReference; lastKnownFileType = wrapper.framework; name = UIKit.framework; path = System/Library/Frameworks/UIKit.framework; sourceTree = SDKROOT; };
		4C6E9E3115F83AD200ED8996 /* Foundation.framework */ = {isa = PBXFileReference; lastKnownFileType = wrapper.framework; name = Foundation.framework; path = System/Library/Frameworks/Foundation.framework; sourceTree = SDKROOT; };
		4C6E9E3315F83AD200ED8996 /* CoreGraphics.framework */ = {isa = PBXFileReference; lastKnownFileType = wrapper.framework; name = CoreGraphics.framework; path = System/Library/Frameworks/CoreGraphics.framework; sourceTree = SDKROOT; };
		4C6E9E3715F83AD200ED8996 /* Martist-Info.plist */ = {isa = PBXFileReference; lastKnownFileType = text.plist.xml; path = "Martist-Info.plist"; sourceTree = "<group>"; };
		4C6E9E3915F83AD200ED8996 /* en */ = {isa = PBXFileReference; lastKnownFileType = text.plist.strings; name = en; path = en.lproj/InfoPlist.strings; sourceTree = "<group>"; };
		4C6E9E3B15F83AD200ED8996 /* main.m */ = {isa = PBXFileReference; lastKnownFileType = sourcecode.c.objc; path = main.m; sourceTree = "<group>"; };
		4C6E9E3D15F83AD200ED8996 /* Martist-Prefix.pch */ = {isa = PBXFileReference; lastKnownFileType = sourcecode.c.h; path = "Martist-Prefix.pch"; sourceTree = "<group>"; };
		4C6E9E3E15F83AD200ED8996 /* AppDelegate.h */ = {isa = PBXFileReference; lastKnownFileType = sourcecode.c.h; path = AppDelegate.h; sourceTree = "<group>"; };
		4C6E9E3F15F83AD200ED8996 /* AppDelegate.m */ = {isa = PBXFileReference; lastKnownFileType = sourcecode.c.objc; path = AppDelegate.m; sourceTree = "<group>"; };
		4C6E9E4215F83AD200ED8996 /* en */ = {isa = PBXFileReference; lastKnownFileType = file.storyboard; name = en; path = en.lproj/MainStoryboard.storyboard; sourceTree = "<group>"; };
		4C6E9E4415F83AD200ED8996 /* ViewController.h */ = {isa = PBXFileReference; lastKnownFileType = sourcecode.c.h; path = ViewController.h; sourceTree = "<group>"; };
		4C6E9E4515F83AD200ED8996 /* ViewController.m */ = {isa = PBXFileReference; lastKnownFileType = sourcecode.c.objc; path = ViewController.m; sourceTree = "<group>"; };
		4C6E9E4C15F83AD200ED8996 /* MartistTests.octest */ = {isa = PBXFileReference; explicitFileType = wrapper.cfbundle; includeInIndex = 0; path = MartistTests.octest; sourceTree = BUILT_PRODUCTS_DIR; };
		4C6E9E4D15F83AD200ED8996 /* SenTestingKit.framework */ = {isa = PBXFileReference; lastKnownFileType = wrapper.framework; name = SenTestingKit.framework; path = Library/Frameworks/SenTestingKit.framework; sourceTree = DEVELOPER_DIR; };
		4C6E9E5515F83AD200ED8996 /* MartistTests-Info.plist */ = {isa = PBXFileReference; lastKnownFileType = text.plist.xml; path = "MartistTests-Info.plist"; sourceTree = "<group>"; };
		4C6E9E5715F83AD200ED8996 /* en */ = {isa = PBXFileReference; lastKnownFileType = text.plist.strings; name = en; path = en.lproj/InfoPlist.strings; sourceTree = "<group>"; };
		4C6E9E5915F83AD200ED8996 /* MartistTests.h */ = {isa = PBXFileReference; lastKnownFileType = sourcecode.c.h; path = MartistTests.h; sourceTree = "<group>"; };
		4C6E9E5A15F83AD200ED8996 /* MartistTests.m */ = {isa = PBXFileReference; lastKnownFileType = sourcecode.c.objc; path = MartistTests.m; sourceTree = "<group>"; };
		4C6E9E6C15F8691A00ED8996 /* MapKit.framework */ = {isa = PBXFileReference; lastKnownFileType = wrapper.framework; name = MapKit.framework; path = System/Library/Frameworks/MapKit.framework; sourceTree = SDKROOT; };
		4C6E9EEB15F8BCF000ED8996 /* DrawOnTap.h */ = {isa = PBXFileReference; fileEncoding = 4; lastKnownFileType = sourcecode.c.h; path = DrawOnTap.h; sourceTree = "<group>"; };
		4C6E9EEC15F8BCF000ED8996 /* DrawOnTap.m */ = {isa = PBXFileReference; fileEncoding = 4; lastKnownFileType = sourcecode.c.objc; path = DrawOnTap.m; sourceTree = "<group>"; };
		4C6E9EEE15F97CA800ED8996 /* Memorial.h */ = {isa = PBXFileReference; fileEncoding = 4; lastKnownFileType = sourcecode.c.h; path = Memorial.h; sourceTree = "<group>"; };
		4C6E9EEF15F97CA800ED8996 /* Memorial.m */ = {isa = PBXFileReference; fileEncoding = 4; lastKnownFileType = sourcecode.c.objc; path = Memorial.m; sourceTree = "<group>"; };
		4C6E9EF115F97F3400ED8996 /* Setting.h */ = {isa = PBXFileReference; fileEncoding = 4; lastKnownFileType = sourcecode.c.h; path = Setting.h; sourceTree = "<group>"; };
		4C6E9EF215F97F3400ED8996 /* Setting.m */ = {isa = PBXFileReference; fileEncoding = 4; lastKnownFileType = sourcecode.c.objc; path = Setting.m; sourceTree = "<group>"; };
		4C6E9EF415F97F7700ED8996 /* SNSConnection.h */ = {isa = PBXFileReference; fileEncoding = 4; lastKnownFileType = sourcecode.c.h; path = SNSConnection.h; sourceTree = "<group>"; };
		4C6E9EF515F97F7800ED8996 /* SNSConnection.m */ = {isa = PBXFileReference; fileEncoding = 4; lastKnownFileType = sourcecode.c.objc; path = SNSConnection.m; sourceTree = "<group>"; };
		4C6E9EF715F97F9D00ED8996 /* DrawOnMap.h */ = {isa = PBXFileReference; fileEncoding = 4; lastKnownFileType = sourcecode.c.h; path = DrawOnMap.h; sourceTree = "<group>"; };
		4C6E9EF815F97F9E00ED8996 /* DrawOnMap.m */ = {isa = PBXFileReference; fileEncoding = 4; lastKnownFileType = sourcecode.c.objc; path = DrawOnMap.m; sourceTree = "<group>"; };
		4CC7D61A15FC5A68002B89C7 /* libsqlite3.0.dylib */ = {isa = PBXFileReference; lastKnownFileType = "compiled.mach-o.dylib"; name = libsqlite3.0.dylib; path = usr/lib/libsqlite3.0.dylib; sourceTree = SDKROOT; };
		4CC7D61F15FC64D6002B89C7 /* FMDatabase.h */ = {isa = PBXFileReference; fileEncoding = 4; lastKnownFileType = sourcecode.c.h; path = FMDatabase.h; sourceTree = "<group>"; };
		4CC7D62015FC64D6002B89C7 /* FMDatabase.m */ = {isa = PBXFileReference; fileEncoding = 4; lastKnownFileType = sourcecode.c.objc; path = FMDatabase.m; sourceTree = "<group>"; };
		4CC7D62115FC64D6002B89C7 /* FMDatabaseAdditions.h */ = {isa = PBXFileReference; fileEncoding = 4; lastKnownFileType = sourcecode.c.h; path = FMDatabaseAdditions.h; sourceTree = "<group>"; };
		4CC7D62215FC64D6002B89C7 /* FMDatabaseAdditions.m */ = {isa = PBXFileReference; fileEncoding = 4; lastKnownFileType = sourcecode.c.objc; path = FMDatabaseAdditions.m; sourceTree = "<group>"; };
		4CC7D62315FC64D6002B89C7 /* FMDatabasePool.h */ = {isa = PBXFileReference; fileEncoding = 4; lastKnownFileType = sourcecode.c.h; path = FMDatabasePool.h; sourceTree = "<group>"; };
		4CC7D62415FC64D6002B89C7 /* FMDatabasePool.m */ = {isa = PBXFileReference; fileEncoding = 4; lastKnownFileType = sourcecode.c.objc; path = FMDatabasePool.m; sourceTree = "<group>"; };
		4CC7D62515FC64D6002B89C7 /* FMDatabaseQueue.h */ = {isa = PBXFileReference; fileEncoding = 4; lastKnownFileType = sourcecode.c.h; path = FMDatabaseQueue.h; sourceTree = "<group>"; };
		4CC7D62615FC64D6002B89C7 /* FMDatabaseQueue.m */ = {isa = PBXFileReference; fileEncoding = 4; lastKnownFileType = sourcecode.c.objc; path = FMDatabaseQueue.m; sourceTree = "<group>"; };
		4CC7D62815FC64D6002B89C7 /* FMResultSet.h */ = {isa = PBXFileReference; fileEncoding = 4; lastKnownFileType = sourcecode.c.h; path = FMResultSet.h; sourceTree = "<group>"; };
		4CC7D62915FC64D6002B89C7 /* FMResultSet.m */ = {isa = PBXFileReference; fileEncoding = 4; lastKnownFileType = sourcecode.c.objc; path = FMResultSet.m; sourceTree = "<group>"; };
		4CC7D63015FC656B002B89C7 /* DBCreate.h */ = {isa = PBXFileReference; fileEncoding = 4; lastKnownFileType = sourcecode.c.h; path = DBCreate.h; sourceTree = "<group>"; };
		4CC7D63115FC656B002B89C7 /* DBCreate.m */ = {isa = PBXFileReference; fileEncoding = 4; lastKnownFileType = sourcecode.c.objc; path = DBCreate.m; sourceTree = "<group>"; };
		4CE9B43015FF39F400A33AAC /* 透明　ボタン.png */ = {isa = PBXFileReference; lastKnownFileType = image.png; path = "透明　ボタン.png"; sourceTree = "<group>"; };
/* End PBXFileReference section */

/* Begin PBXFrameworksBuildPhase section */
		4C6E9E2815F83AD200ED8996 /* Frameworks */ = {
			isa = PBXFrameworksBuildPhase;
			buildActionMask = 2147483647;
			files = (
				3B99DC9115FEF34D0057BF71 /* Accounts.framework in Frameworks */,
				3B99D4A315FEC17C0057BF71 /* Twitter.framework in Frameworks */,
				3B9DA7B115FDAA32005E78ED /* SystemConfiguration.framework in Frameworks */,
				3B9DA7AF15FDAA2A005E78ED /* CoreLocation.framework in Frameworks */,
				3B9DA7AD15FDAA1E005E78ED /* OpenGLES.framework in Frameworks */,
				3B9DA7AB15FDAA0D005E78ED /* QuartzCore.framework in Frameworks */,
				4CC7D61B15FC5A68002B89C7 /* libsqlite3.0.dylib in Frameworks */,
				4C6E9E6D15F8691A00ED8996 /* MapKit.framework in Frameworks */,
				4C6E9E3015F83AD200ED8996 /* UIKit.framework in Frameworks */,
				4C6E9E3215F83AD200ED8996 /* Foundation.framework in Frameworks */,
				4C6E9E3415F83AD200ED8996 /* CoreGraphics.framework in Frameworks */,
				3B99D49515FE06470057BF71 /* YMapKit.framework in Frameworks */,
			);
			runOnlyForDeploymentPostprocessing = 0;
		};
		4C6E9E4815F83AD200ED8996 /* Frameworks */ = {
			isa = PBXFrameworksBuildPhase;
			buildActionMask = 2147483647;
			files = (
				4C6E9E4E15F83AD200ED8996 /* SenTestingKit.framework in Frameworks */,
				4C6E9E4F15F83AD200ED8996 /* UIKit.framework in Frameworks */,
				4C6E9E5015F83AD200ED8996 /* Foundation.framework in Frameworks */,
			);
			runOnlyForDeploymentPostprocessing = 0;
		};
/* End PBXFrameworksBuildPhase section */

/* Begin PBXGroup section */
		3B99D46315FE06460057BF71 /* mapsdk_ios  */ = {
			isa = PBXGroup;
			children = (
				3B99D46415FE06470057BF71 /* readme.txt */,
				3B99D46515FE06470057BF71 /* Ymap */,
			);
			path = "mapsdk_ios ";
			sourceTree = "<group>";
		};
		3B99D46515FE06470057BF71 /* Ymap */ = {
			isa = PBXGroup;
			children = (
				3B99D46615FE06470057BF71 /* image */,
				3B99D47D15FE06470057BF71 /* YMapKit.framework */,
			);
			path = Ymap;
			sourceTree = "<group>";
		};
		3B99D46615FE06470057BF71 /* image */ = {
			isa = PBXGroup;
			children = (
			);
			path = image;
			sourceTree = "<group>";
		};
		3B99D49615FE06A40057BF71 /* Resources */ = {
			isa = PBXGroup;
			children = (
				3B3DA04A1601741900812B84 /* スクリーンショット 2012-09-13 10.52.03.png */,
				3B3DA04416016C5D00812B84 /* 右端.png */,
				3B99DC9715FF12B40057BF71 /* スクリーンショット 2012-09-11 15.23.03.png */,
				3B99D46715FE06470057BF71 /* compass48.png */,
				3B99D46815FE06470057BF71 /* compass48@2x.png */,
				3B99D46915FE06470057BF71 /* goal.png */,
				3B99D46A15FE06470057BF71 /* goal@2x.png */,
				3B99D46B15FE06470057BF71 /* pin_green_s.png */,
				3B99D46C15FE06470057BF71 /* pin_green_s@2x.png */,
				3B3DA04616016D6400812B84 /* 左端.png */,
				3B3DA04716016D6400812B84 /* 真ん中.png */,
				3B99D46D15FE06470057BF71 /* pin_head_l.png */,
				3B99D46E15FE06470057BF71 /* pin_head_s.png */,
				3B99D46F15FE06470057BF71 /* pin_purple_s.png */,
				3B99D47015FE06470057BF71 /* pin_purple_s@2x.png */,
				3B99D47115FE06470057BF71 /* pin_red_s.png */,
				3B99D47215FE06470057BF71 /* pin_red_s@2x.png */,
				3B99D47315FE06470057BF71 /* purple_arrow.png */,
				3B99D47415FE06470057BF71 /* route_goal_pin.png */,
				3B99D47515FE06470057BF71 /* route_goal_pin@2x.png */,
				3B99D47615FE06470057BF71 /* route_pin.png */,
				3B99D47715FE06470057BF71 /* route_pin@2x.png */,
				3B99D47815FE06470057BF71 /* route_start_pin.png */,
				3B99D47915FE06470057BF71 /* route_start_pin@2x.png */,
				3B99D47A15FE06470057BF71 /* via.png */,
				3B99D47B15FE06470057BF71 /* via@2x.png */,
				3B99D47C15FE06470057BF71 /* yback.png */,
			);
			path = Resources;
			sourceTree = "<group>";
		};
		4C61707315FD85F400484C52 /* Images */ = {
			isa = PBXGroup;
			children = (
				4CE9B43015FF39F400A33AAC /* 透明　ボタン.png */,
				4C61707415FD85F400484C52 /* arrow 1.png */,
				4C61707515FD85F400484C52 /* arrow 2.png */,
				4C61707615FD85F400484C52 /* arrow 3.png */,
				4C61707715FD85F400484C52 /* arrow 4.png */,
				4C61707815FD85F400484C52 /* arrow 5.png */,
				4C61707915FD85F400484C52 /* arrow 6.png */,
				4C61707A15FD85F400484C52 /* award.png */,
				4C61707B15FD85F400484C52 /* bag.png */,
				4C61707C15FD85F400484C52 /* battery 1.png */,
				4C61707D15FD85F400484C52 /* battery 2.png */,
				4C61707E15FD85F400484C52 /* bell.png */,
				4C61707F15FD85F400484C52 /* book.png */,
				4C61708015FD85F400484C52 /* bulb.png */,
				4C61708115FD85F400484C52 /* calendar.png */,
				4C61708215FD85F400484C52 /* camera.png */,
				4C61708315FD85F400484C52 /* clock.png */,
				4C61708415FD85F400484C52 /* cloud down.png */,
				4C61708515FD85F400484C52 /* cloud up.png */,
				4C61708615FD85F400484C52 /* cloud.png */,
				4C61708715FD85F400484C52 /* comment 1.png */,
				4C61708815FD85F400484C52 /* comment 2.png */,
				4C61708915FD85F400484C52 /* display down.png */,
				4C61708A15FD85F400484C52 /* display.png */,
				4C61708B15FD85F400484C52 /* email 1.png */,
				4C61708C15FD85F400484C52 /* email 2.png */,
				4C61708D15FD85F400484C52 /* engine.png */,
				4C61708E15FD85F400484C52 /* error 1.png */,
				4C61708F15FD85F400484C52 /* error 2.png */,
				4C61709015FD85F400484C52 /* eye.png */,
				4C61709115FD85F400484C52 /* file 1.png */,
				4C61709215FD85F400484C52 /* file 2.png */,
				4C61709315FD85F400484C52 /* file 3.png */,
				4C61709415FD85F400484C52 /* file delete.png */,
				4C61709515FD85F400484C52 /* file down.png */,
				4C61709615FD85F400484C52 /* file plus.png */,
				4C61709715FD85F400484C52 /* file up.png */,
				4C61709815FD85F400484C52 /* flag.png */,
				4C61709915FD85F400484C52 /* flash.png */,
				4C61709A15FD85F400484C52 /* graph.png */,
				4C61709B15FD85F400484C52 /* grid.png */,
				4C61709C15FD85F400484C52 /* heart.png */,
				4C61709D15FD85F400484C52 /* home.png */,
				4C61709E15FD85F400484C52 /* info.png */,
				4C61709F15FD85F400484C52 /* list 1.png */,
				4C6170A015FD85F400484C52 /* list 2.png */,
				4C6170A115FD85F400484C52 /* location 1.png */,
				4C6170A215FD85F400484C52 /* location 2.png */,
				4C6170A315FD85F400484C52 /* location minus.png */,
				4C6170A415FD85F400484C52 /* location plus.png */,
				4C6170A515FD85F400484C52 /* locked.png */,
				4C6170A615FD85F400484C52 /* map.png */,
				4C6170A715FD85F400484C52 /* mic.png */,
				4C6170A815FD85F400484C52 /* minus.png */,
				4C6170A915FD85F400484C52 /* movie.png */,
				4C6170AA15FD85F400484C52 /* nav.png */,
				4C6170AB15FD85F400484C52 /* next 1.png */,
				4C6170AC15FD85F400484C52 /* next 2.png */,
				4C6170AD15FD85F400484C52 /* pause.png */,
				4C6170AE15FD85F400484C52 /* picture.png */,
				4C6170AF15FD85F400484C52 /* play.png */,
				4C6170B015FD85F400484C52 /* plus.png */,
				4C6170B115FD85F400484C52 /* prev 1.png */,
				4C6170B215FD85F400484C52 /* prev 2.png */,
				4C6170B315FD85F400484C52 /* quote 1.png */,
				4C6170B415FD85F400484C52 /* quote 2.png */,
				4C6170B515FD85F400484C52 /* ribbon.png */,
				4C6170B615FD85F400484C52 /* rss 1.png */,
				4C6170B715FD85F400484C52 /* rss 2.png */,
				4C6170B815FD85F400484C52 /* search.png */,
				4C6170B915FD85F400484C52 /* share.png */,
				4C6170BA15FD85F400484C52 /* shield.png */,
				4C6170BB15FD85F400484C52 /* smashing.png */,
				4C6170BC15FD85F400484C52 /* sound 1.png */,
				4C6170BD15FD85F400484C52 /* sound 2.png */,
				4C6170BE15FD85F400484C52 /* sound 3.png */,
				4C6170BF15FD85F400484C52 /* sound 4.png */,
				4C6170C015FD85F400484C52 /* star.png */,
				4C6170C115FD85F400484C52 /* stats 1.png */,
				4C6170C215FD85F400484C52 /* stats 2.png */,
				4C6170C315FD85F400484C52 /* stats 3.png */,
				4C6170C415FD85F400484C52 /* stats 4.png */,
				4C6170C515FD85F400484C52 /* stop.png */,
				4C6170C615FD85F400484C52 /* t-shirt.png */,
				4C6170C715FD85F400484C52 /* tag.png */,
				4C6170C815FD85F400484C52 /* tick 1.png */,
				4C6170C915FD85F400484C52 /* tick 2.png */,
				4C6170CA15FD85F400484C52 /* trash.png */,
				4C6170CB15FD85F400484C52 /* unlocked.png */,
				4C6170CC15FD85F400484C52 /* user.png */,
				4C6170CD15FD85F400484C52 /* zoom minus.png */,
				4C6170CE15FD85F400484C52 /* zoom plus.png */,
			);
			path = Images;
			sourceTree = "<group>";
		};
		4C6E9E2015F83AD200ED8996 = {
			isa = PBXGroup;
			children = (
				3B99DC9915FF12C30057BF71 /* スクリーンショット 2012-09-11 15.23.03.png */,
				3B99DC9015FEF34D0057BF71 /* Accounts.framework */,
				3B99D4A215FEC17C0057BF71 /* Twitter.framework */,
				3B99D49615FE06A40057BF71 /* Resources */,
				3B99D46315FE06460057BF71 /* mapsdk_ios  */,
				3B9DA7B015FDAA32005E78ED /* SystemConfiguration.framework */,
				3B9DA7AE15FDAA2A005E78ED /* CoreLocation.framework */,
				3B9DA7AC15FDAA1E005E78ED /* OpenGLES.framework */,
				3B9DA7AA15FDAA0D005E78ED /* QuartzCore.framework */,
				4CC7D61A15FC5A68002B89C7 /* libsqlite3.0.dylib */,
				4C61707315FD85F400484C52 /* Images */,
				4CC7D61E15FC64D6002B89C7 /* src */,
				4C6E9E3515F83AD200ED8996 /* Martist */,
				4C6E9E5315F83AD200ED8996 /* MartistTests */,
				4C6E9E2E15F83AD200ED8996 /* Frameworks */,
				4C6E9E2C15F83AD200ED8996 /* Products */,
			);
			sourceTree = "<group>";
		};
		4C6E9E2C15F83AD200ED8996 /* Products */ = {
			isa = PBXGroup;
			children = (
				4C6E9E2B15F83AD200ED8996 /* Martist.app */,
				4C6E9E4C15F83AD200ED8996 /* MartistTests.octest */,
			);
			name = Products;
			sourceTree = "<group>";
		};
		4C6E9E2E15F83AD200ED8996 /* Frameworks */ = {
			isa = PBXGroup;
			children = (
				4C6E9E6C15F8691A00ED8996 /* MapKit.framework */,
				4C6E9E2F15F83AD200ED8996 /* UIKit.framework */,
				4C6E9E3115F83AD200ED8996 /* Foundation.framework */,
				4C6E9E3315F83AD200ED8996 /* CoreGraphics.framework */,
				4C6E9E4D15F83AD200ED8996 /* SenTestingKit.framework */,
			);
			name = Frameworks;
			sourceTree = "<group>";
		};
		4C6E9E3515F83AD200ED8996 /* Martist */ = {
			isa = PBXGroup;
			children = (
				4CC7D63015FC656B002B89C7 /* DBCreate.h */,
				4CC7D63115FC656B002B89C7 /* DBCreate.m */,
				4C6E9E3E15F83AD200ED8996 /* AppDelegate.h */,
				4C6E9E3F15F83AD200ED8996 /* AppDelegate.m */,
				4C6E9E4115F83AD200ED8996 /* MainStoryboard.storyboard */,
				4C6E9EF715F97F9D00ED8996 /* DrawOnMap.h */,
				4C6E9EF815F97F9E00ED8996 /* DrawOnMap.m */,
				4C6E9EEB15F8BCF000ED8996 /* DrawOnTap.h */,
				4C6E9EEC15F8BCF000ED8996 /* DrawOnTap.m */,
				4C6E9EF115F97F3400ED8996 /* Setting.h */,
				4C6E9EF215F97F3400ED8996 /* Setting.m */,
				4C6E9EEE15F97CA800ED8996 /* Memorial.h */,
				4C6E9EEF15F97CA800ED8996 /* Memorial.m */,
				4C6E9EF415F97F7700ED8996 /* SNSConnection.h */,
				4C6E9EF515F97F7800ED8996 /* SNSConnection.m */,
				4C6E9E4415F83AD200ED8996 /* ViewController.h */,
				4C6E9E4515F83AD200ED8996 /* ViewController.m */,
				3B9DA76515FD7F68005E78ED /* YMapKitTestAppDelegate.h */,
				3B9DA76615FD7F68005E78ED /* YMapKitTestAppDelegate.m */,
				4C6E9E3615F83AD200ED8996 /* Supporting Files */,
				3B99D49715FE43000057BF71 /* MyAnnotation.h */,
				3B99D49815FE43000057BF71 /* MyAnnotation.m */,
			);
			path = Martist;
			sourceTree = "<group>";
		};
		4C6E9E3615F83AD200ED8996 /* Supporting Files */ = {
			isa = PBXGroup;
			children = (
				4C6E9E3715F83AD200ED8996 /* Martist-Info.plist */,
				4C6E9E3815F83AD200ED8996 /* InfoPlist.strings */,
				4C6E9E3B15F83AD200ED8996 /* main.m */,
				4C6E9E3D15F83AD200ED8996 /* Martist-Prefix.pch */,
			);
			name = "Supporting Files";
			sourceTree = "<group>";
		};
		4C6E9E5315F83AD200ED8996 /* MartistTests */ = {
			isa = PBXGroup;
			children = (
				4C6E9E5915F83AD200ED8996 /* MartistTests.h */,
				4C6E9E5A15F83AD200ED8996 /* MartistTests.m */,
				4C6E9E5415F83AD200ED8996 /* Supporting Files */,
			);
			path = MartistTests;
			sourceTree = "<group>";
		};
		4C6E9E5415F83AD200ED8996 /* Supporting Files */ = {
			isa = PBXGroup;
			children = (
				4C6E9E5515F83AD200ED8996 /* MartistTests-Info.plist */,
				4C6E9E5615F83AD200ED8996 /* InfoPlist.strings */,
			);
			name = "Supporting Files";
			sourceTree = "<group>";
		};
		4CC7D61E15FC64D6002B89C7 /* src */ = {
			isa = PBXGroup;
			children = (
				4CC7D61F15FC64D6002B89C7 /* FMDatabase.h */,
				4CC7D62015FC64D6002B89C7 /* FMDatabase.m */,
				4CC7D62115FC64D6002B89C7 /* FMDatabaseAdditions.h */,
				4CC7D62215FC64D6002B89C7 /* FMDatabaseAdditions.m */,
				4CC7D62315FC64D6002B89C7 /* FMDatabasePool.h */,
				4CC7D62415FC64D6002B89C7 /* FMDatabasePool.m */,
				4CC7D62515FC64D6002B89C7 /* FMDatabaseQueue.h */,
				4CC7D62615FC64D6002B89C7 /* FMDatabaseQueue.m */,
				4CC7D62815FC64D6002B89C7 /* FMResultSet.h */,
				4CC7D62915FC64D6002B89C7 /* FMResultSet.m */,
			);
			path = src;
			sourceTree = "<group>";
		};
/* End PBXGroup section */

/* Begin PBXNativeTarget section */
		4C6E9E2A15F83AD200ED8996 /* Martist */ = {
			isa = PBXNativeTarget;
			buildConfigurationList = 4C6E9E5E15F83AD200ED8996 /* Build configuration list for PBXNativeTarget "Martist" */;
			buildPhases = (
				4C6E9E2715F83AD200ED8996 /* Sources */,
				4C6E9E2815F83AD200ED8996 /* Frameworks */,
				4C6E9E2915F83AD200ED8996 /* Resources */,
			);
			buildRules = (
			);
			dependencies = (
			);
			name = Martist;
			productName = Martist;
			productReference = 4C6E9E2B15F83AD200ED8996 /* Martist.app */;
			productType = "com.apple.product-type.application";
		};
		4C6E9E4B15F83AD200ED8996 /* MartistTests */ = {
			isa = PBXNativeTarget;
			buildConfigurationList = 4C6E9E6115F83AD200ED8996 /* Build configuration list for PBXNativeTarget "MartistTests" */;
			buildPhases = (
				4C6E9E4715F83AD200ED8996 /* Sources */,
				4C6E9E4815F83AD200ED8996 /* Frameworks */,
				4C6E9E4915F83AD200ED8996 /* Resources */,
				4C6E9E4A15F83AD200ED8996 /* ShellScript */,
			);
			buildRules = (
			);
			dependencies = (
				4C6E9E5215F83AD200ED8996 /* PBXTargetDependency */,
			);
			name = MartistTests;
			productName = MartistTests;
			productReference = 4C6E9E4C15F83AD200ED8996 /* MartistTests.octest */;
			productType = "com.apple.product-type.bundle";
		};
/* End PBXNativeTarget section */

/* Begin PBXProject section */
		4C6E9E2215F83AD200ED8996 /* Project object */ = {
			isa = PBXProject;
			attributes = {
				LastUpgradeCheck = 0430;
				ORGANIZATIONNAME = "神戸大学";
			};
			buildConfigurationList = 4C6E9E2515F83AD200ED8996 /* Build configuration list for PBXProject "Martist" */;
			compatibilityVersion = "Xcode 3.2";
			developmentRegion = English;
			hasScannedForEncodings = 0;
			knownRegions = (
				en,
				he,
			);
			mainGroup = 4C6E9E2015F83AD200ED8996;
			productRefGroup = 4C6E9E2C15F83AD200ED8996 /* Products */;
			projectDirPath = "";
			projectRoot = "";
			targets = (
				4C6E9E2A15F83AD200ED8996 /* Martist */,
				4C6E9E4B15F83AD200ED8996 /* MartistTests */,
			);
		};
/* End PBXProject section */

/* Begin PBXResourcesBuildPhase section */
		4C6E9E2915F83AD200ED8996 /* Resources */ = {
			isa = PBXResourcesBuildPhase;
			buildActionMask = 2147483647;
			files = (
				4C6E9E3A15F83AD200ED8996 /* InfoPlist.strings in Resources */,
				4C6E9E4315F83AD200ED8996 /* MainStoryboard.storyboard in Resources */,
				4C6170CF15FD85F400484C52 /* arrow 1.png in Resources */,
				4C6170D015FD85F400484C52 /* arrow 2.png in Resources */,
				4C6170D115FD85F400484C52 /* arrow 3.png in Resources */,
				4C6170D215FD85F400484C52 /* arrow 4.png in Resources */,
				4C6170D315FD85F400484C52 /* arrow 5.png in Resources */,
				4C6170D415FD85F400484C52 /* arrow 6.png in Resources */,
				4C6170D515FD85F400484C52 /* award.png in Resources */,
				4C6170D615FD85F400484C52 /* bag.png in Resources */,
				4C6170D715FD85F400484C52 /* battery 1.png in Resources */,
				4C6170D815FD85F400484C52 /* battery 2.png in Resources */,
				4C6170D915FD85F400484C52 /* bell.png in Resources */,
				4C6170DA15FD85F400484C52 /* book.png in Resources */,
				4C6170DB15FD85F400484C52 /* bulb.png in Resources */,
				4C6170DC15FD85F400484C52 /* calendar.png in Resources */,
				4C6170DD15FD85F400484C52 /* camera.png in Resources */,
				4C6170DE15FD85F400484C52 /* clock.png in Resources */,
				4C6170DF15FD85F400484C52 /* cloud down.png in Resources */,
				4C6170E015FD85F400484C52 /* cloud up.png in Resources */,
				4C6170E115FD85F400484C52 /* cloud.png in Resources */,
				4C6170E215FD85F400484C52 /* comment 1.png in Resources */,
				4C6170E315FD85F400484C52 /* comment 2.png in Resources */,
				4C6170E415FD85F400484C52 /* display down.png in Resources */,
				4C6170E515FD85F400484C52 /* display.png in Resources */,
				4C6170E615FD85F400484C52 /* email 1.png in Resources */,
				4C6170E715FD85F400484C52 /* email 2.png in Resources */,
				4C6170E815FD85F400484C52 /* engine.png in Resources */,
				4C6170E915FD85F400484C52 /* error 1.png in Resources */,
				4C6170EA15FD85F400484C52 /* error 2.png in Resources */,
				4C6170EB15FD85F400484C52 /* eye.png in Resources */,
				4C6170EC15FD85F400484C52 /* file 1.png in Resources */,
				4C6170ED15FD85F400484C52 /* file 2.png in Resources */,
				4C6170EE15FD85F400484C52 /* file 3.png in Resources */,
				4C6170EF15FD85F400484C52 /* file delete.png in Resources */,
				4C6170F015FD85F400484C52 /* file down.png in Resources */,
				4C6170F115FD85F400484C52 /* file plus.png in Resources */,
				4C6170F215FD85F400484C52 /* file up.png in Resources */,
				4C6170F315FD85F400484C52 /* flag.png in Resources */,
				4C6170F415FD85F400484C52 /* flash.png in Resources */,
				4C6170F515FD85F400484C52 /* graph.png in Resources */,
				4C6170F615FD85F400484C52 /* grid.png in Resources */,
				4C6170F715FD85F400484C52 /* heart.png in Resources */,
				4C6170F815FD85F400484C52 /* home.png in Resources */,
				4C6170F915FD85F400484C52 /* info.png in Resources */,
				4C6170FA15FD85F400484C52 /* list 1.png in Resources */,
				4C6170FB15FD85F400484C52 /* list 2.png in Resources */,
				4C6170FC15FD85F400484C52 /* location 1.png in Resources */,
				4C6170FD15FD85F400484C52 /* location 2.png in Resources */,
				4C6170FE15FD85F400484C52 /* location minus.png in Resources */,
				4C6170FF15FD85F400484C52 /* location plus.png in Resources */,
				4C61710015FD85F400484C52 /* locked.png in Resources */,
				4C61710115FD85F400484C52 /* map.png in Resources */,
				4C61710215FD85F400484C52 /* mic.png in Resources */,
				4C61710315FD85F400484C52 /* minus.png in Resources */,
				4C61710415FD85F400484C52 /* movie.png in Resources */,
				4C61710515FD85F400484C52 /* nav.png in Resources */,
				4C61710615FD85F400484C52 /* next 1.png in Resources */,
				4C61710715FD85F400484C52 /* next 2.png in Resources */,
				4C61710815FD85F400484C52 /* pause.png in Resources */,
				4C61710915FD85F400484C52 /* picture.png in Resources */,
				4C61710A15FD85F400484C52 /* play.png in Resources */,
				4C61710B15FD85F400484C52 /* plus.png in Resources */,
				4C61710C15FD85F400484C52 /* prev 1.png in Resources */,
				4C61710D15FD85F400484C52 /* prev 2.png in Resources */,
				4C61710E15FD85F400484C52 /* quote 1.png in Resources */,
				4C61710F15FD85F400484C52 /* quote 2.png in Resources */,
				4C61711015FD85F400484C52 /* ribbon.png in Resources */,
				4C61711115FD85F400484C52 /* rss 1.png in Resources */,
				4C61711215FD85F400484C52 /* rss 2.png in Resources */,
				4C61711315FD85F400484C52 /* search.png in Resources */,
				4C61711415FD85F400484C52 /* share.png in Resources */,
				4C61711515FD85F400484C52 /* shield.png in Resources */,
				4C61711615FD85F400484C52 /* smashing.png in Resources */,
				4C61711715FD85F400484C52 /* sound 1.png in Resources */,
				4C61711815FD85F400484C52 /* sound 2.png in Resources */,
				4C61711915FD85F400484C52 /* sound 3.png in Resources */,
				4C61711A15FD85F400484C52 /* sound 4.png in Resources */,
				4C61711B15FD85F400484C52 /* star.png in Resources */,
				4C61711C15FD85F400484C52 /* stats 1.png in Resources */,
				4C61711D15FD85F400484C52 /* stats 2.png in Resources */,
				4C61711E15FD85F400484C52 /* stats 3.png in Resources */,
				4C61711F15FD85F400484C52 /* stats 4.png in Resources */,
				4C61712015FD85F400484C52 /* stop.png in Resources */,
				4C61712115FD85F400484C52 /* t-shirt.png in Resources */,
				4C61712215FD85F400484C52 /* tag.png in Resources */,
				4C61712315FD85F400484C52 /* tick 1.png in Resources */,
				4C61712415FD85F400484C52 /* tick 2.png in Resources */,
				4C61712515FD85F400484C52 /* trash.png in Resources */,
				4C61712615FD85F400484C52 /* unlocked.png in Resources */,
				4C61712715FD85F400484C52 /* user.png in Resources */,
				4C61712815FD85F400484C52 /* zoom minus.png in Resources */,
				4C61712915FD85F400484C52 /* zoom plus.png in Resources */,
				3B99D47E15FE06470057BF71 /* readme.txt in Resources */,
				3B99D47F15FE06470057BF71 /* compass48.png in Resources */,
				3B99D48015FE06470057BF71 /* compass48@2x.png in Resources */,
				3B99D48115FE06470057BF71 /* goal.png in Resources */,
				3B99D48215FE06470057BF71 /* goal@2x.png in Resources */,
				3B99D48315FE06470057BF71 /* pin_green_s.png in Resources */,
				3B99D48415FE06470057BF71 /* pin_green_s@2x.png in Resources */,
				3B99D48515FE06470057BF71 /* pin_head_l.png in Resources */,
				3B99D48615FE06470057BF71 /* pin_head_s.png in Resources */,
				3B99D48715FE06470057BF71 /* pin_purple_s.png in Resources */,
				3B99D48815FE06470057BF71 /* pin_purple_s@2x.png in Resources */,
				3B99D48915FE06470057BF71 /* pin_red_s.png in Resources */,
				3B99D48A15FE06470057BF71 /* pin_red_s@2x.png in Resources */,
				3B99D48B15FE06470057BF71 /* purple_arrow.png in Resources */,
				3B99D48C15FE06470057BF71 /* route_goal_pin.png in Resources */,
				3B99D48D15FE06470057BF71 /* route_goal_pin@2x.png in Resources */,
				3B99D48E15FE06470057BF71 /* route_pin.png in Resources */,
				3B99D48F15FE06470057BF71 /* route_pin@2x.png in Resources */,
				3B99D49015FE06470057BF71 /* route_start_pin.png in Resources */,
				3B99D49115FE06470057BF71 /* route_start_pin@2x.png in Resources */,
				3B99D49215FE06470057BF71 /* via.png in Resources */,
				3B99D49315FE06470057BF71 /* via@2x.png in Resources */,
				3B99D49415FE06470057BF71 /* yback.png in Resources */,
				3B99DC9815FF12B40057BF71 /* スクリーンショット 2012-09-11 15.23.03.png in Resources */,
				3B99DC9A15FF12C30057BF71 /* スクリーンショット 2012-09-11 15.23.03.png in Resources */,
				4CE9B43115FF39F400A33AAC /* 透明　ボタン.png in Resources */,
				3B3DA04516016C5D00812B84 /* 右端.png in Resources */,
				3B3DA04816016D6400812B84 /* 左端.png in Resources */,
				3B3DA04916016D6400812B84 /* 真ん中.png in Resources */,
				3B3DA04B1601741900812B84 /* スクリーンショット 2012-09-13 10.52.03.png in Resources */,
			);
			runOnlyForDeploymentPostprocessing = 0;
		};
		4C6E9E4915F83AD200ED8996 /* Resources */ = {
			isa = PBXResourcesBuildPhase;
			buildActionMask = 2147483647;
			files = (
				4C6E9E5815F83AD200ED8996 /* InfoPlist.strings in Resources */,
			);
			runOnlyForDeploymentPostprocessing = 0;
		};
/* End PBXResourcesBuildPhase section */

/* Begin PBXShellScriptBuildPhase section */
		4C6E9E4A15F83AD200ED8996 /* ShellScript */ = {
			isa = PBXShellScriptBuildPhase;
			buildActionMask = 2147483647;
			files = (
			);
			inputPaths = (
			);
			outputPaths = (
			);
			runOnlyForDeploymentPostprocessing = 0;
			shellPath = /bin/sh;
			shellScript = "# Run the unit tests in this test bundle.\n\"${SYSTEM_DEVELOPER_DIR}/Tools/RunUnitTests\"\n";
		};
/* End PBXShellScriptBuildPhase section */

/* Begin PBXSourcesBuildPhase section */
		4C6E9E2715F83AD200ED8996 /* Sources */ = {
			isa = PBXSourcesBuildPhase;
			buildActionMask = 2147483647;
			files = (
				4CE9B42F15FF13F600A33AAC /* DBCreate.m in Sources */,
				4C6E9E3C15F83AD200ED8996 /* main.m in Sources */,
				4C6E9E4015F83AD200ED8996 /* AppDelegate.m in Sources */,
				4C6E9E4615F83AD200ED8996 /* ViewController.m in Sources */,
				4C6E9EED15F8BCF100ED8996 /* DrawOnTap.m in Sources */,
				4C6E9EF015F97CA800ED8996 /* Memorial.m in Sources */,
				4C6E9EF315F97F3400ED8996 /* Setting.m in Sources */,
				4C6E9EF615F97F7800ED8996 /* SNSConnection.m in Sources */,
				4C6E9EF915F97F9E00ED8996 /* DrawOnMap.m in Sources */,
				4CC7D62A15FC64D6002B89C7 /* FMDatabase.m in Sources */,
				4CC7D62B15FC64D6002B89C7 /* FMDatabaseAdditions.m in Sources */,
				4CC7D62C15FC64D6002B89C7 /* FMDatabasePool.m in Sources */,
				4CC7D62D15FC64D6002B89C7 /* FMDatabaseQueue.m in Sources */,
				4CC7D62F15FC64D6002B89C7 /* FMResultSet.m in Sources */,
				3B9DA76715FD7F68005E78ED /* YMapKitTestAppDelegate.m in Sources */,
				3B99D49915FE43000057BF71 /* MyAnnotation.m in Sources */,
				4C305C7415FDE7C30079526F /* (null) in Sources */,
			);
			runOnlyForDeploymentPostprocessing = 0;
		};
		4C6E9E4715F83AD200ED8996 /* Sources */ = {
			isa = PBXSourcesBuildPhase;
			buildActionMask = 2147483647;
			files = (
				4C6E9E5B15F83AD200ED8996 /* MartistTests.m in Sources */,
				4CC7D63215FC656B002B89C7 /* DBCreate.m in Sources */,
			);
			runOnlyForDeploymentPostprocessing = 0;
		};
/* End PBXSourcesBuildPhase section */

/* Begin PBXTargetDependency section */
		4C6E9E5215F83AD200ED8996 /* PBXTargetDependency */ = {
			isa = PBXTargetDependency;
			target = 4C6E9E2A15F83AD200ED8996 /* Martist */;
			targetProxy = 4C6E9E5115F83AD200ED8996 /* PBXContainerItemProxy */;
		};
/* End PBXTargetDependency section */

/* Begin PBXVariantGroup section */
		4C6E9E3815F83AD200ED8996 /* InfoPlist.strings */ = {
			isa = PBXVariantGroup;
			children = (
				4C6E9E3915F83AD200ED8996 /* en */,
			);
			name = InfoPlist.strings;
			sourceTree = "<group>";
		};
		4C6E9E4115F83AD200ED8996 /* MainStoryboard.storyboard */ = {
			isa = PBXVariantGroup;
			children = (
				4C6E9E4215F83AD200ED8996 /* en */,
			);
			name = MainStoryboard.storyboard;
			sourceTree = "<group>";
		};
		4C6E9E5615F83AD200ED8996 /* InfoPlist.strings */ = {
			isa = PBXVariantGroup;
			children = (
				4C6E9E5715F83AD200ED8996 /* en */,
			);
			name = InfoPlist.strings;
			sourceTree = "<group>";
		};
/* End PBXVariantGroup section */

/* Begin XCBuildConfiguration section */
		4C6E9E5C15F83AD200ED8996 /* Debug */ = {
			isa = XCBuildConfiguration;
			buildSettings = {
				ALWAYS_SEARCH_USER_PATHS = NO;
				ARCHS = "$(ARCHS_STANDARD_32_BIT)";
				CLANG_ENABLE_OBJC_ARC = YES;
				"CODE_SIGN_IDENTITY[sdk=iphoneos*]" = "iPhone Developer";
				COPY_PHASE_STRIP = NO;
				GCC_C_LANGUAGE_STANDARD = gnu99;
				GCC_DYNAMIC_NO_PIC = NO;
				GCC_OPTIMIZATION_LEVEL = 0;
				GCC_PREPROCESSOR_DEFINITIONS = (
					"DEBUG=1",
					"$(inherited)",
				);
				GCC_SYMBOLS_PRIVATE_EXTERN = NO;
				GCC_VERSION = com.apple.compilers.llvm.clang.1_0;
				GCC_WARN_ABOUT_RETURN_TYPE = YES;
				GCC_WARN_UNINITIALIZED_AUTOS = YES;
				GCC_WARN_UNUSED_VARIABLE = YES;
				IPHONEOS_DEPLOYMENT_TARGET = 5.1;
				"PROVISIONING_PROFILE[sdk=iphoneos*]" = "";
				SDKROOT = iphoneos;
			};
			name = Debug;
		};
		4C6E9E5D15F83AD200ED8996 /* Release */ = {
			isa = XCBuildConfiguration;
			buildSettings = {
				ALWAYS_SEARCH_USER_PATHS = NO;
				ARCHS = "$(ARCHS_STANDARD_32_BIT)";
				CLANG_ENABLE_OBJC_ARC = YES;
				"CODE_SIGN_IDENTITY[sdk=iphoneos*]" = "iPhone Developer";
				COPY_PHASE_STRIP = YES;
				GCC_C_LANGUAGE_STANDARD = gnu99;
				GCC_VERSION = com.apple.compilers.llvm.clang.1_0;
				GCC_WARN_ABOUT_RETURN_TYPE = YES;
				GCC_WARN_UNINITIALIZED_AUTOS = YES;
				GCC_WARN_UNUSED_VARIABLE = YES;
				IPHONEOS_DEPLOYMENT_TARGET = 5.1;
				OTHER_CFLAGS = "-DNS_BLOCK_ASSERTIONS=1";
				"PROVISIONING_PROFILE[sdk=iphoneos*]" = "";
				SDKROOT = iphoneos;
				VALIDATE_PRODUCT = YES;
			};
			name = Release;
		};
		4C6E9E5F15F83AD200ED8996 /* Debug */ = {
			isa = XCBuildConfiguration;
			buildSettings = {
				"CODE_SIGN_IDENTITY[sdk=iphoneos*]" = "iPhone Developer";
				FRAMEWORK_SEARCH_PATHS = (
					"$(inherited)",
					"\"$(SRCROOT)/mapsdk_ios/Ymap\"",
					"\"$(SRCROOT)/mapsdk_ios /Ymap\"",
					"\"$(SRCROOT)/FacebookSDK\"",
				);
				GCC_PRECOMPILE_PREFIX_HEADER = YES;
				GCC_PREFIX_HEADER = "Martist/Martist-Prefix.pch";
				INFOPLIST_FILE = "Martist/Martist-Info.plist";
				PRODUCT_NAME = "$(TARGET_NAME)";
				"PROVISIONING_PROFILE[sdk=iphoneos*]" = "";
				TARGETED_DEVICE_FAMILY = 1;
				WRAPPER_EXTENSION = app;
			};
			name = Debug;
		};
		4C6E9E6015F83AD200ED8996 /* Release */ = {
			isa = XCBuildConfiguration;
			buildSettings = {
				FRAMEWORK_SEARCH_PATHS = (
					"$(inherited)",
					"\"$(SRCROOT)/mapsdk_ios/Ymap\"",
					"\"$(SRCROOT)/mapsdk_ios /Ymap\"",
					"\"$(SRCROOT)/FacebookSDK\"",
				);
				GCC_PRECOMPILE_PREFIX_HEADER = YES;
				GCC_PREFIX_HEADER = "Martist/Martist-Prefix.pch";
				INFOPLIST_FILE = "Martist/Martist-Info.plist";
				PRODUCT_NAME = "$(TARGET_NAME)";
				TARGETED_DEVICE_FAMILY = 1;
				WRAPPER_EXTENSION = app;
			};
			name = Release;
		};
		4C6E9E6215F83AD200ED8996 /* Debug */ = {
			isa = XCBuildConfiguration;
			buildSettings = {
				BUNDLE_LOADER = "$(BUILT_PRODUCTS_DIR)/Martist.app/Martist";
				FRAMEWORK_SEARCH_PATHS = (
					"$(SDKROOT)/Developer/Library/Frameworks",
					"$(DEVELOPER_LIBRARY_DIR)/Frameworks",
				);
				GCC_PRECOMPILE_PREFIX_HEADER = YES;
				GCC_PREFIX_HEADER = "Martist/Martist-Prefix.pch";
				INFOPLIST_FILE = "MartistTests/MartistTests-Info.plist";
				PRODUCT_NAME = "$(TARGET_NAME)";
				TEST_HOST = "$(BUNDLE_LOADER)";
				WRAPPER_EXTENSION = octest;
			};
			name = Debug;
		};
		4C6E9E6315F83AD200ED8996 /* Release */ = {
			isa = XCBuildConfiguration;
			buildSettings = {
				BUNDLE_LOADER = "$(BUILT_PRODUCTS_DIR)/Martist.app/Martist";
				FRAMEWORK_SEARCH_PATHS = (
					"$(SDKROOT)/Developer/Library/Frameworks",
					"$(DEVELOPER_LIBRARY_DIR)/Frameworks",
				);
				GCC_PRECOMPILE_PREFIX_HEADER = YES;
				GCC_PREFIX_HEADER = "Martist/Martist-Prefix.pch";
				INFOPLIST_FILE = "MartistTests/MartistTests-Info.plist";
				PRODUCT_NAME = "$(TARGET_NAME)";
				TEST_HOST = "$(BUNDLE_LOADER)";
				WRAPPER_EXTENSION = octest;
			};
			name = Release;
		};
/* End XCBuildConfiguration section */

/* Begin XCConfigurationList section */
		4C6E9E2515F83AD200ED8996 /* Build configuration list for PBXProject "Martist" */ = {
			isa = XCConfigurationList;
			buildConfigurations = (
				4C6E9E5C15F83AD200ED8996 /* Debug */,
				4C6E9E5D15F83AD200ED8996 /* Release */,
			);
			defaultConfigurationIsVisible = 0;
			defaultConfigurationName = Release;
		};
		4C6E9E5E15F83AD200ED8996 /* Build configuration list for PBXNativeTarget "Martist" */ = {
			isa = XCConfigurationList;
			buildConfigurations = (
				4C6E9E5F15F83AD200ED8996 /* Debug */,
				4C6E9E6015F83AD200ED8996 /* Release */,
			);
			defaultConfigurationIsVisible = 0;
			defaultConfigurationName = Release;
		};
		4C6E9E6115F83AD200ED8996 /* Build configuration list for PBXNativeTarget "MartistTests" */ = {
			isa = XCConfigurationList;
			buildConfigurations = (
				4C6E9E6215F83AD200ED8996 /* Debug */,
				4C6E9E6315F83AD200ED8996 /* Release */,
			);
			defaultConfigurationIsVisible = 0;
			defaultConfigurationName = Release;
		};
/* End XCConfigurationList section */
	};
	rootObject = 4C6E9E2215F83AD200ED8996 /* Project object */;
}
