// !$*UTF8*$!
{
	archiveVersion = 1;
	classes = {
	};
	objectVersion = 46;
	objects = {

/* Begin PBXBuildFile section */
		4C6E9F9A15F9BB8C00ED8996 /* UIKit.framework in Frameworks */ = {isa = PBXBuildFile; fileRef = 4C6E9F9915F9BB8C00ED8996 /* UIKit.framework */; };
		4C6E9F9C15F9BB8C00ED8996 /* Foundation.framework in Frameworks */ = {isa = PBXBuildFile; fileRef = 4C6E9F9B15F9BB8C00ED8996 /* Foundation.framework */; };
		4C6E9F9E15F9BB8C00ED8996 /* CoreGraphics.framework in Frameworks */ = {isa = PBXBuildFile; fileRef = 4C6E9F9D15F9BB8C00ED8996 /* CoreGraphics.framework */; };
		4C6E9FA415F9BB8C00ED8996 /* InfoPlist.strings in Resources */ = {isa = PBXBuildFile; fileRef = 4C6E9FA215F9BB8C00ED8996 /* InfoPlist.strings */; };
		4C6E9FA615F9BB8C00ED8996 /* main.m in Sources */ = {isa = PBXBuildFile; fileRef = 4C6E9FA515F9BB8C00ED8996 /* main.m */; };
		4C6E9FAA15F9BB8D00ED8996 /* AppDelegate.m in Sources */ = {isa = PBXBuildFile; fileRef = 4C6E9FA915F9BB8D00ED8996 /* AppDelegate.m */; };
		4C6E9FAD15F9BB8D00ED8996 /* MainStoryboard.storyboard in Resources */ = {isa = PBXBuildFile; fileRef = 4C6E9FAB15F9BB8D00ED8996 /* MainStoryboard.storyboard */; };
		4C6E9FB015F9BB8D00ED8996 /* ViewController.m in Sources */ = {isa = PBXBuildFile; fileRef = 4C6E9FAF15F9BB8D00ED8996 /* ViewController.m */; };
		4C6E9FB815F9BB8D00ED8996 /* SenTestingKit.framework in Frameworks */ = {isa = PBXBuildFile; fileRef = 4C6E9FB715F9BB8D00ED8996 /* SenTestingKit.framework */; };
		4C6E9FB915F9BB8D00ED8996 /* UIKit.framework in Frameworks */ = {isa = PBXBuildFile; fileRef = 4C6E9F9915F9BB8C00ED8996 /* UIKit.framework */; };
		4C6E9FBA15F9BB8D00ED8996 /* Foundation.framework in Frameworks */ = {isa = PBXBuildFile; fileRef = 4C6E9F9B15F9BB8C00ED8996 /* Foundation.framework */; };
		4C6E9FC215F9BB8D00ED8996 /* InfoPlist.strings in Resources */ = {isa = PBXBuildFile; fileRef = 4C6E9FC015F9BB8D00ED8996 /* InfoPlist.strings */; };
		4C6E9FC515F9BB8D00ED8996 /* ChangeViewByAnimationTests.m in Sources */ = {isa = PBXBuildFile; fileRef = 4C6E9FC415F9BB8D00ED8996 /* ChangeViewByAnimationTests.m */; };
		4C6E9FD015F9D5D900ED8996 /* TestViewController1.m in Sources */ = {isa = PBXBuildFile; fileRef = 4C6E9FCF15F9D5D900ED8996 /* TestViewController1.m */; };
		4C6E9FD315F9D62800ED8996 /* TestViewController2.m in Sources */ = {isa = PBXBuildFile; fileRef = 4C6E9FD215F9D62800ED8996 /* TestViewController2.m */; };
/* End PBXBuildFile section */

/* Begin PBXContainerItemProxy section */
		4C6E9FBB15F9BB8D00ED8996 /* PBXContainerItemProxy */ = {
			isa = PBXContainerItemProxy;
			containerPortal = 4C6E9F8C15F9BB8C00ED8996 /* Project object */;
			proxyType = 1;
			remoteGlobalIDString = 4C6E9F9415F9BB8C00ED8996;
			remoteInfo = ChangeViewByAnimation;
		};
/* End PBXContainerItemProxy section */

/* Begin PBXFileReference section */
		4C6E9F9515F9BB8C00ED8996 /* ChangeViewByAnimation.app */ = {isa = PBXFileReference; explicitFileType = wrapper.application; includeInIndex = 0; path = ChangeViewByAnimation.app; sourceTree = BUILT_PRODUCTS_DIR; };
		4C6E9F9915F9BB8C00ED8996 /* UIKit.framework */ = {isa = PBXFileReference; lastKnownFileType = wrapper.framework; name = UIKit.framework; path = System/Library/Frameworks/UIKit.framework; sourceTree = SDKROOT; };
		4C6E9F9B15F9BB8C00ED8996 /* Foundation.framework */ = {isa = PBXFileReference; lastKnownFileType = wrapper.framework; name = Foundation.framework; path = System/Library/Frameworks/Foundation.framework; sourceTree = SDKROOT; };
		4C6E9F9D15F9BB8C00ED8996 /* CoreGraphics.framework */ = {isa = PBXFileReference; lastKnownFileType = wrapper.framework; name = CoreGraphics.framework; path = System/Library/Frameworks/CoreGraphics.framework; sourceTree = SDKROOT; };
		4C6E9FA115F9BB8C00ED8996 /* ChangeViewByAnimation-Info.plist */ = {isa = PBXFileReference; lastKnownFileType = text.plist.xml; path = "ChangeViewByAnimation-Info.plist"; sourceTree = "<group>"; };
		4C6E9FA315F9BB8C00ED8996 /* en */ = {isa = PBXFileReference; lastKnownFileType = text.plist.strings; name = en; path = en.lproj/InfoPlist.strings; sourceTree = "<group>"; };
		4C6E9FA515F9BB8C00ED8996 /* main.m */ = {isa = PBXFileReference; lastKnownFileType = sourcecode.c.objc; path = main.m; sourceTree = "<group>"; };
		4C6E9FA715F9BB8C00ED8996 /* ChangeViewByAnimation-Prefix.pch */ = {isa = PBXFileReference; lastKnownFileType = sourcecode.c.h; path = "ChangeViewByAnimation-Prefix.pch"; sourceTree = "<group>"; };
		4C6E9FA815F9BB8C00ED8996 /* AppDelegate.h */ = {isa = PBXFileReference; lastKnownFileType = sourcecode.c.h; path = AppDelegate.h; sourceTree = "<group>"; };
		4C6E9FA915F9BB8D00ED8996 /* AppDelegate.m */ = {isa = PBXFileReference; lastKnownFileType = sourcecode.c.objc; path = AppDelegate.m; sourceTree = "<group>"; };
		4C6E9FAC15F9BB8D00ED8996 /* en */ = {isa = PBXFileReference; lastKnownFileType = file.storyboard; name = en; path = en.lproj/MainStoryboard.storyboard; sourceTree = "<group>"; };
		4C6E9FAE15F9BB8D00ED8996 /* ViewController.h */ = {isa = PBXFileReference; lastKnownFileType = sourcecode.c.h; path = ViewController.h; sourceTree = "<group>"; };
		4C6E9FAF15F9BB8D00ED8996 /* ViewController.m */ = {isa = PBXFileReference; lastKnownFileType = sourcecode.c.objc; path = ViewController.m; sourceTree = "<group>"; };
		4C6E9FB615F9BB8D00ED8996 /* ChangeViewByAnimationTests.octest */ = {isa = PBXFileReference; explicitFileType = wrapper.cfbundle; includeInIndex = 0; path = ChangeViewByAnimationTests.octest; sourceTree = BUILT_PRODUCTS_DIR; };
		4C6E9FB715F9BB8D00ED8996 /* SenTestingKit.framework */ = {isa = PBXFileReference; lastKnownFileType = wrapper.framework; name = SenTestingKit.framework; path = Library/Frameworks/SenTestingKit.framework; sourceTree = DEVELOPER_DIR; };
		4C6E9FBF15F9BB8D00ED8996 /* ChangeViewByAnimationTests-Info.plist */ = {isa = PBXFileReference; lastKnownFileType = text.plist.xml; path = "ChangeViewByAnimationTests-Info.plist"; sourceTree = "<group>"; };
		4C6E9FC115F9BB8D00ED8996 /* en */ = {isa = PBXFileReference; lastKnownFileType = text.plist.strings; name = en; path = en.lproj/InfoPlist.strings; sourceTree = "<group>"; };
		4C6E9FC315F9BB8D00ED8996 /* ChangeViewByAnimationTests.h */ = {isa = PBXFileReference; lastKnownFileType = sourcecode.c.h; path = ChangeViewByAnimationTests.h; sourceTree = "<group>"; };
		4C6E9FC415F9BB8D00ED8996 /* ChangeViewByAnimationTests.m */ = {isa = PBXFileReference; lastKnownFileType = sourcecode.c.objc; path = ChangeViewByAnimationTests.m; sourceTree = "<group>"; };
		4C6E9FCE15F9D5D900ED8996 /* TestViewController1.h */ = {isa = PBXFileReference; fileEncoding = 4; lastKnownFileType = sourcecode.c.h; path = TestViewController1.h; sourceTree = "<group>"; };
		4C6E9FCF15F9D5D900ED8996 /* TestViewController1.m */ = {isa = PBXFileReference; fileEncoding = 4; lastKnownFileType = sourcecode.c.objc; path = TestViewController1.m; sourceTree = "<group>"; };
		4C6E9FD115F9D62800ED8996 /* TestViewController2.h */ = {isa = PBXFileReference; fileEncoding = 4; lastKnownFileType = sourcecode.c.h; path = TestViewController2.h; sourceTree = "<group>"; };
		4C6E9FD215F9D62800ED8996 /* TestViewController2.m */ = {isa = PBXFileReference; fileEncoding = 4; lastKnownFileType = sourcecode.c.objc; path = TestViewController2.m; sourceTree = "<group>"; };
/* End PBXFileReference section */

/* Begin PBXFrameworksBuildPhase section */
		4C6E9F9215F9BB8C00ED8996 /* Frameworks */ = {
			isa = PBXFrameworksBuildPhase;
			buildActionMask = 2147483647;
			files = (
				4C6E9F9A15F9BB8C00ED8996 /* UIKit.framework in Frameworks */,
				4C6E9F9C15F9BB8C00ED8996 /* Foundation.framework in Frameworks */,
				4C6E9F9E15F9BB8C00ED8996 /* CoreGraphics.framework in Frameworks */,
			);
			runOnlyForDeploymentPostprocessing = 0;
		};
		4C6E9FB215F9BB8D00ED8996 /* Frameworks */ = {
			isa = PBXFrameworksBuildPhase;
			buildActionMask = 2147483647;
			files = (
				4C6E9FB815F9BB8D00ED8996 /* SenTestingKit.framework in Frameworks */,
				4C6E9FB915F9BB8D00ED8996 /* UIKit.framework in Frameworks */,
				4C6E9FBA15F9BB8D00ED8996 /* Foundation.framework in Frameworks */,
			);
			runOnlyForDeploymentPostprocessing = 0;
		};
/* End PBXFrameworksBuildPhase section */

/* Begin PBXGroup section */
		4C6E9F8A15F9BB8C00ED8996 = {
			isa = PBXGroup;
			children = (
				4C6E9F9F15F9BB8C00ED8996 /* ChangeViewByAnimation */,
				4C6E9FBD15F9BB8D00ED8996 /* ChangeViewByAnimationTests */,
				4C6E9F9815F9BB8C00ED8996 /* Frameworks */,
				4C6E9F9615F9BB8C00ED8996 /* Products */,
			);
			sourceTree = "<group>";
		};
		4C6E9F9615F9BB8C00ED8996 /* Products */ = {
			isa = PBXGroup;
			children = (
				4C6E9F9515F9BB8C00ED8996 /* ChangeViewByAnimation.app */,
				4C6E9FB615F9BB8D00ED8996 /* ChangeViewByAnimationTests.octest */,
			);
			name = Products;
			sourceTree = "<group>";
		};
		4C6E9F9815F9BB8C00ED8996 /* Frameworks */ = {
			isa = PBXGroup;
			children = (
				4C6E9F9915F9BB8C00ED8996 /* UIKit.framework */,
				4C6E9F9B15F9BB8C00ED8996 /* Foundation.framework */,
				4C6E9F9D15F9BB8C00ED8996 /* CoreGraphics.framework */,
				4C6E9FB715F9BB8D00ED8996 /* SenTestingKit.framework */,
			);
			name = Frameworks;
			sourceTree = "<group>";
		};
		4C6E9F9F15F9BB8C00ED8996 /* ChangeViewByAnimation */ = {
			isa = PBXGroup;
			children = (
				4C6E9FA815F9BB8C00ED8996 /* AppDelegate.h */,
				4C6E9FA915F9BB8D00ED8996 /* AppDelegate.m */,
				4C6E9FAB15F9BB8D00ED8996 /* MainStoryboard.storyboard */,
				4C6E9FAE15F9BB8D00ED8996 /* ViewController.h */,
				4C6E9FAF15F9BB8D00ED8996 /* ViewController.m */,
				4C6E9FCE15F9D5D900ED8996 /* TestViewController1.h */,
				4C6E9FCF15F9D5D900ED8996 /* TestViewController1.m */,
				4C6E9FD115F9D62800ED8996 /* TestViewController2.h */,
				4C6E9FD215F9D62800ED8996 /* TestViewController2.m */,
				4C6E9FA015F9BB8C00ED8996 /* Supporting Files */,
			);
			path = ChangeViewByAnimation;
			sourceTree = "<group>";
		};
		4C6E9FA015F9BB8C00ED8996 /* Supporting Files */ = {
			isa = PBXGroup;
			children = (
				4C6E9FA115F9BB8C00ED8996 /* ChangeViewByAnimation-Info.plist */,
				4C6E9FA215F9BB8C00ED8996 /* InfoPlist.strings */,
				4C6E9FA515F9BB8C00ED8996 /* main.m */,
				4C6E9FA715F9BB8C00ED8996 /* ChangeViewByAnimation-Prefix.pch */,
			);
			name = "Supporting Files";
			sourceTree = "<group>";
		};
		4C6E9FBD15F9BB8D00ED8996 /* ChangeViewByAnimationTests */ = {
			isa = PBXGroup;
			children = (
				4C6E9FC315F9BB8D00ED8996 /* ChangeViewByAnimationTests.h */,
				4C6E9FC415F9BB8D00ED8996 /* ChangeViewByAnimationTests.m */,
				4C6E9FBE15F9BB8D00ED8996 /* Supporting Files */,
			);
			path = ChangeViewByAnimationTests;
			sourceTree = "<group>";
		};
		4C6E9FBE15F9BB8D00ED8996 /* Supporting Files */ = {
			isa = PBXGroup;
			children = (
				4C6E9FBF15F9BB8D00ED8996 /* ChangeViewByAnimationTests-Info.plist */,
				4C6E9FC015F9BB8D00ED8996 /* InfoPlist.strings */,
			);
			name = "Supporting Files";
			sourceTree = "<group>";
		};
/* End PBXGroup section */

/* Begin PBXNativeTarget section */
		4C6E9F9415F9BB8C00ED8996 /* ChangeViewByAnimation */ = {
			isa = PBXNativeTarget;
			buildConfigurationList = 4C6E9FC815F9BB8D00ED8996 /* Build configuration list for PBXNativeTarget "ChangeViewByAnimation" */;
			buildPhases = (
				4C6E9F9115F9BB8C00ED8996 /* Sources */,
				4C6E9F9215F9BB8C00ED8996 /* Frameworks */,
				4C6E9F9315F9BB8C00ED8996 /* Resources */,
			);
			buildRules = (
			);
			dependencies = (
			);
			name = ChangeViewByAnimation;
			productName = ChangeViewByAnimation;
			productReference = 4C6E9F9515F9BB8C00ED8996 /* ChangeViewByAnimation.app */;
			productType = "com.apple.product-type.application";
		};
		4C6E9FB515F9BB8D00ED8996 /* ChangeViewByAnimationTests */ = {
			isa = PBXNativeTarget;
			buildConfigurationList = 4C6E9FCB15F9BB8D00ED8996 /* Build configuration list for PBXNativeTarget "ChangeViewByAnimationTests" */;
			buildPhases = (
				4C6E9FB115F9BB8D00ED8996 /* Sources */,
				4C6E9FB215F9BB8D00ED8996 /* Frameworks */,
				4C6E9FB315F9BB8D00ED8996 /* Resources */,
				4C6E9FB415F9BB8D00ED8996 /* ShellScript */,
			);
			buildRules = (
			);
			dependencies = (
				4C6E9FBC15F9BB8D00ED8996 /* PBXTargetDependency */,
			);
			name = ChangeViewByAnimationTests;
			productName = ChangeViewByAnimationTests;
			productReference = 4C6E9FB615F9BB8D00ED8996 /* ChangeViewByAnimationTests.octest */;
			productType = "com.apple.product-type.bundle";
		};
/* End PBXNativeTarget section */

/* Begin PBXProject section */
		4C6E9F8C15F9BB8C00ED8996 /* Project object */ = {
			isa = PBXProject;
			attributes = {
				LastUpgradeCheck = 0430;
				ORGANIZATIONNAME = "神戸大学";
			};
			buildConfigurationList = 4C6E9F8F15F9BB8C00ED8996 /* Build configuration list for PBXProject "ChangeViewByAnimation" */;
			compatibilityVersion = "Xcode 3.2";
			developmentRegion = English;
			hasScannedForEncodings = 0;
			knownRegions = (
				en,
			);
			mainGroup = 4C6E9F8A15F9BB8C00ED8996;
			productRefGroup = 4C6E9F9615F9BB8C00ED8996 /* Products */;
			projectDirPath = "";
			projectRoot = "";
			targets = (
				4C6E9F9415F9BB8C00ED8996 /* ChangeViewByAnimation */,
				4C6E9FB515F9BB8D00ED8996 /* ChangeViewByAnimationTests */,
			);
		};
/* End PBXProject section */

/* Begin PBXResourcesBuildPhase section */
		4C6E9F9315F9BB8C00ED8996 /* Resources */ = {
			isa = PBXResourcesBuildPhase;
			buildActionMask = 2147483647;
			files = (
				4C6E9FA415F9BB8C00ED8996 /* InfoPlist.strings in Resources */,
				4C6E9FAD15F9BB8D00ED8996 /* MainStoryboard.storyboard in Resources */,
			);
			runOnlyForDeploymentPostprocessing = 0;
		};
		4C6E9FB315F9BB8D00ED8996 /* Resources */ = {
			isa = PBXResourcesBuildPhase;
			buildActionMask = 2147483647;
			files = (
				4C6E9FC215F9BB8D00ED8996 /* InfoPlist.strings in Resources */,
			);
			runOnlyForDeploymentPostprocessing = 0;
		};
/* End PBXResourcesBuildPhase section */

/* Begin PBXShellScriptBuildPhase section */
		4C6E9FB415F9BB8D00ED8996 /* ShellScript */ = {
			isa = PBXShellScriptBuildPhase;
			buildActionMask = 2147483647;
			files = (
			);
			inputPaths = (
			);
			outputPaths = (
			);
			runOnlyForDeploymentPostprocessing = 0;
			shellPath = /bin/sh;
			shellScript = "# Run the unit tests in this test bundle.\n\"${SYSTEM_DEVELOPER_DIR}/Tools/RunUnitTests\"\n";
		};
/* End PBXShellScriptBuildPhase section */

/* Begin PBXSourcesBuildPhase section */
		4C6E9F9115F9BB8C00ED8996 /* Sources */ = {
			isa = PBXSourcesBuildPhase;
			buildActionMask = 2147483647;
			files = (
				4C6E9FA615F9BB8C00ED8996 /* main.m in Sources */,
				4C6E9FAA15F9BB8D00ED8996 /* AppDelegate.m in Sources */,
				4C6E9FB015F9BB8D00ED8996 /* ViewController.m in Sources */,
				4C6E9FD015F9D5D900ED8996 /* TestViewController1.m in Sources */,
				4C6E9FD315F9D62800ED8996 /* TestViewController2.m in Sources */,
			);
			runOnlyForDeploymentPostprocessing = 0;
		};
		4C6E9FB115F9BB8D00ED8996 /* Sources */ = {
			isa = PBXSourcesBuildPhase;
			buildActionMask = 2147483647;
			files = (
				4C6E9FC515F9BB8D00ED8996 /* ChangeViewByAnimationTests.m in Sources */,
			);
			runOnlyForDeploymentPostprocessing = 0;
		};
/* End PBXSourcesBuildPhase section */

/* Begin PBXTargetDependency section */
		4C6E9FBC15F9BB8D00ED8996 /* PBXTargetDependency */ = {
			isa = PBXTargetDependency;
			target = 4C6E9F9415F9BB8C00ED8996 /* ChangeViewByAnimation */;
			targetProxy = 4C6E9FBB15F9BB8D00ED8996 /* PBXContainerItemProxy */;
		};
/* End PBXTargetDependency section */

/* Begin PBXVariantGroup section */
		4C6E9FA215F9BB8C00ED8996 /* InfoPlist.strings */ = {
			isa = PBXVariantGroup;
			children = (
				4C6E9FA315F9BB8C00ED8996 /* en */,
			);
			name = InfoPlist.strings;
			sourceTree = "<group>";
		};
		4C6E9FAB15F9BB8D00ED8996 /* MainStoryboard.storyboard */ = {
			isa = PBXVariantGroup;
			children = (
				4C6E9FAC15F9BB8D00ED8996 /* en */,
			);
			name = MainStoryboard.storyboard;
			sourceTree = "<group>";
		};
		4C6E9FC015F9BB8D00ED8996 /* InfoPlist.strings */ = {
			isa = PBXVariantGroup;
			children = (
				4C6E9FC115F9BB8D00ED8996 /* en */,
			);
			name = InfoPlist.strings;
			sourceTree = "<group>";
		};
/* End PBXVariantGroup section */

/* Begin XCBuildConfiguration section */
		4C6E9FC615F9BB8D00ED8996 /* Debug */ = {
			isa = XCBuildConfiguration;
			buildSettings = {
				ALWAYS_SEARCH_USER_PATHS = NO;
				ARCHS = "$(ARCHS_STANDARD_32_BIT)";
				CLANG_ENABLE_OBJC_ARC = YES;
				"CODE_SIGN_IDENTITY[sdk=iphoneos*]" = "iPhone Developer";
				COPY_PHASE_STRIP = NO;
				GCC_C_LANGUAGE_STANDARD = gnu99;
				GCC_DYNAMIC_NO_PIC = NO;
				GCC_OPTIMIZATION_LEVEL = 0;
				GCC_PREPROCESSOR_DEFINITIONS = (
					"DEBUG=1",
					"$(inherited)",
				);
				GCC_SYMBOLS_PRIVATE_EXTERN = NO;
				GCC_VERSION = com.apple.compilers.llvm.clang.1_0;
				GCC_WARN_ABOUT_RETURN_TYPE = YES;
				GCC_WARN_UNINITIALIZED_AUTOS = YES;
				GCC_WARN_UNUSED_VARIABLE = YES;
				IPHONEOS_DEPLOYMENT_TARGET = 5.1;
				SDKROOT = iphoneos;
			};
			name = Debug;
		};
		4C6E9FC715F9BB8D00ED8996 /* Release */ = {
			isa = XCBuildConfiguration;
			buildSettings = {
				ALWAYS_SEARCH_USER_PATHS = NO;
				ARCHS = "$(ARCHS_STANDARD_32_BIT)";
				CLANG_ENABLE_OBJC_ARC = YES;
				"CODE_SIGN_IDENTITY[sdk=iphoneos*]" = "iPhone Developer";
				COPY_PHASE_STRIP = YES;
				GCC_C_LANGUAGE_STANDARD = gnu99;
				GCC_VERSION = com.apple.compilers.llvm.clang.1_0;
				GCC_WARN_ABOUT_RETURN_TYPE = YES;
				GCC_WARN_UNINITIALIZED_AUTOS = YES;
				GCC_WARN_UNUSED_VARIABLE = YES;
				IPHONEOS_DEPLOYMENT_TARGET = 5.1;
				OTHER_CFLAGS = "-DNS_BLOCK_ASSERTIONS=1";
				SDKROOT = iphoneos;
				VALIDATE_PRODUCT = YES;
			};
			name = Release;
		};
		4C6E9FC915F9BB8D00ED8996 /* Debug */ = {
			isa = XCBuildConfiguration;
			buildSettings = {
				GCC_PRECOMPILE_PREFIX_HEADER = YES;
				GCC_PREFIX_HEADER = "ChangeViewByAnimation/ChangeViewByAnimation-Prefix.pch";
				INFOPLIST_FILE = "ChangeViewByAnimation/ChangeViewByAnimation-Info.plist";
				PRODUCT_NAME = "$(TARGET_NAME)";
				WRAPPER_EXTENSION = app;
			};
			name = Debug;
		};
		4C6E9FCA15F9BB8D00ED8996 /* Release */ = {
			isa = XCBuildConfiguration;
			buildSettings = {
				GCC_PRECOMPILE_PREFIX_HEADER = YES;
				GCC_PREFIX_HEADER = "ChangeViewByAnimation/ChangeViewByAnimation-Prefix.pch";
				INFOPLIST_FILE = "ChangeViewByAnimation/ChangeViewByAnimation-Info.plist";
				PRODUCT_NAME = "$(TARGET_NAME)";
				WRAPPER_EXTENSION = app;
			};
			name = Release;
		};
		4C6E9FCC15F9BB8D00ED8996 /* Debug */ = {
			isa = XCBuildConfiguration;
			buildSettings = {
				BUNDLE_LOADER = "$(BUILT_PRODUCTS_DIR)/ChangeViewByAnimation.app/ChangeViewByAnimation";
				FRAMEWORK_SEARCH_PATHS = (
					"$(SDKROOT)/Developer/Library/Frameworks",
					"$(DEVELOPER_LIBRARY_DIR)/Frameworks",
				);
				GCC_PRECOMPILE_PREFIX_HEADER = YES;
				GCC_PREFIX_HEADER = "ChangeViewByAnimation/ChangeViewByAnimation-Prefix.pch";
				INFOPLIST_FILE = "ChangeViewByAnimationTests/ChangeViewByAnimationTests-Info.plist";
				PRODUCT_NAME = "$(TARGET_NAME)";
				TEST_HOST = "$(BUNDLE_LOADER)";
				WRAPPER_EXTENSION = octest;
			};
			name = Debug;
		};
		4C6E9FCD15F9BB8D00ED8996 /* Release */ = {
			isa = XCBuildConfiguration;
			buildSettings = {
				BUNDLE_LOADER = "$(BUILT_PRODUCTS_DIR)/ChangeViewByAnimation.app/ChangeViewByAnimation";
				FRAMEWORK_SEARCH_PATHS = (
					"$(SDKROOT)/Developer/Library/Frameworks",
					"$(DEVELOPER_LIBRARY_DIR)/Frameworks",
				);
				GCC_PRECOMPILE_PREFIX_HEADER = YES;
				GCC_PREFIX_HEADER = "ChangeViewByAnimation/ChangeViewByAnimation-Prefix.pch";
				INFOPLIST_FILE = "ChangeViewByAnimationTests/ChangeViewByAnimationTests-Info.plist";
				PRODUCT_NAME = "$(TARGET_NAME)";
				TEST_HOST = "$(BUNDLE_LOADER)";
				WRAPPER_EXTENSION = octest;
			};
			name = Release;
		};
/* End XCBuildConfiguration section */

/* Begin XCConfigurationList section */
		4C6E9F8F15F9BB8C00ED8996 /* Build configuration list for PBXProject "ChangeViewByAnimation" */ = {
			isa = XCConfigurationList;
			buildConfigurations = (
				4C6E9FC615F9BB8D00ED8996 /* Debug */,
				4C6E9FC715F9BB8D00ED8996 /* Release */,
			);
			defaultConfigurationIsVisible = 0;
			defaultConfigurationName = Release;
		};
		4C6E9FC815F9BB8D00ED8996 /* Build configuration list for PBXNativeTarget "ChangeViewByAnimation" */ = {
			isa = XCConfigurationList;
			buildConfigurations = (
				4C6E9FC915F9BB8D00ED8996 /* Debug */,
				4C6E9FCA15F9BB8D00ED8996 /* Release */,
			);
			defaultConfigurationIsVisible = 0;
		};
		4C6E9FCB15F9BB8D00ED8996 /* Build configuration list for PBXNativeTarget "ChangeViewByAnimationTests" */ = {
			isa = XCConfigurationList;
			buildConfigurations = (
				4C6E9FCC15F9BB8D00ED8996 /* Debug */,
				4C6E9FCD15F9BB8D00ED8996 /* Release */,
			);
			defaultConfigurationIsVisible = 0;
		};
/* End XCConfigurationList section */
	};
	rootObject = 4C6E9F8C15F9BB8C00ED8996 /* Project object */;
}
