// !$*UTF8*$!
{
	archiveVersion = 1;
	classes = {
	};
	objectVersion = 46;
	objects = {

/* Begin PBXBuildFile section */
		4C6E9F0A15F98D1C00ED8996 /* UIKit.framework in Frameworks */ = {isa = PBXBuildFile; fileRef = 4C6E9F0915F98D1C00ED8996 /* UIKit.framework */; };
		4C6E9F0C15F98D1C00ED8996 /* Foundation.framework in Frameworks */ = {isa = PBXBuildFile; fileRef = 4C6E9F0B15F98D1C00ED8996 /* Foundation.framework */; };
		4C6E9F0E15F98D1C00ED8996 /* CoreGraphics.framework in Frameworks */ = {isa = PBXBuildFile; fileRef = 4C6E9F0D15F98D1C00ED8996 /* CoreGraphics.framework */; };
		4C6E9F1415F98D1C00ED8996 /* InfoPlist.strings in Resources */ = {isa = PBXBuildFile; fileRef = 4C6E9F1215F98D1C00ED8996 /* InfoPlist.strings */; };
		4C6E9F1615F98D1C00ED8996 /* main.m in Sources */ = {isa = PBXBuildFile; fileRef = 4C6E9F1515F98D1C00ED8996 /* main.m */; };
		4C6E9F1A15F98D1C00ED8996 /* AppDelegate.m in Sources */ = {isa = PBXBuildFile; fileRef = 4C6E9F1915F98D1C00ED8996 /* AppDelegate.m */; };
		4C6E9F1D15F98D1C00ED8996 /* MainStoryboard.storyboard in Resources */ = {isa = PBXBuildFile; fileRef = 4C6E9F1B15F98D1C00ED8996 /* MainStoryboard.storyboard */; };
		4C6E9F2015F98D1C00ED8996 /* ViewController.m in Sources */ = {isa = PBXBuildFile; fileRef = 4C6E9F1F15F98D1C00ED8996 /* ViewController.m */; };
		4C6E9F2815F98D1C00ED8996 /* SenTestingKit.framework in Frameworks */ = {isa = PBXBuildFile; fileRef = 4C6E9F2715F98D1C00ED8996 /* SenTestingKit.framework */; };
		4C6E9F2915F98D1C00ED8996 /* UIKit.framework in Frameworks */ = {isa = PBXBuildFile; fileRef = 4C6E9F0915F98D1C00ED8996 /* UIKit.framework */; };
		4C6E9F2A15F98D1C00ED8996 /* Foundation.framework in Frameworks */ = {isa = PBXBuildFile; fileRef = 4C6E9F0B15F98D1C00ED8996 /* Foundation.framework */; };
		4C6E9F3215F98D1C00ED8996 /* InfoPlist.strings in Resources */ = {isa = PBXBuildFile; fileRef = 4C6E9F3015F98D1C00ED8996 /* InfoPlist.strings */; };
		4C6E9F3515F98D1C00ED8996 /* DrawRainbowTests.m in Sources */ = {isa = PBXBuildFile; fileRef = 4C6E9F3415F98D1C00ED8996 /* DrawRainbowTests.m */; };
/* End PBXBuildFile section */

/* Begin PBXContainerItemProxy section */
		4C6E9F2B15F98D1C00ED8996 /* PBXContainerItemProxy */ = {
			isa = PBXContainerItemProxy;
			containerPortal = 4C6E9EFC15F98D1B00ED8996 /* Project object */;
			proxyType = 1;
			remoteGlobalIDString = 4C6E9F0415F98D1C00ED8996;
			remoteInfo = DrawRainbow;
		};
/* End PBXContainerItemProxy section */

/* Begin PBXFileReference section */
		4C6E9F0515F98D1C00ED8996 /* DrawRainbow.app */ = {isa = PBXFileReference; explicitFileType = wrapper.application; includeInIndex = 0; path = DrawRainbow.app; sourceTree = BUILT_PRODUCTS_DIR; };
		4C6E9F0915F98D1C00ED8996 /* UIKit.framework */ = {isa = PBXFileReference; lastKnownFileType = wrapper.framework; name = UIKit.framework; path = System/Library/Frameworks/UIKit.framework; sourceTree = SDKROOT; };
		4C6E9F0B15F98D1C00ED8996 /* Foundation.framework */ = {isa = PBXFileReference; lastKnownFileType = wrapper.framework; name = Foundation.framework; path = System/Library/Frameworks/Foundation.framework; sourceTree = SDKROOT; };
		4C6E9F0D15F98D1C00ED8996 /* CoreGraphics.framework */ = {isa = PBXFileReference; lastKnownFileType = wrapper.framework; name = CoreGraphics.framework; path = System/Library/Frameworks/CoreGraphics.framework; sourceTree = SDKROOT; };
		4C6E9F1115F98D1C00ED8996 /* DrawRainbow-Info.plist */ = {isa = PBXFileReference; lastKnownFileType = text.plist.xml; path = "DrawRainbow-Info.plist"; sourceTree = "<group>"; };
		4C6E9F1315F98D1C00ED8996 /* en */ = {isa = PBXFileReference; lastKnownFileType = text.plist.strings; name = en; path = en.lproj/InfoPlist.strings; sourceTree = "<group>"; };
		4C6E9F1515F98D1C00ED8996 /* main.m */ = {isa = PBXFileReference; lastKnownFileType = sourcecode.c.objc; path = main.m; sourceTree = "<group>"; };
		4C6E9F1715F98D1C00ED8996 /* DrawRainbow-Prefix.pch */ = {isa = PBXFileReference; lastKnownFileType = sourcecode.c.h; path = "DrawRainbow-Prefix.pch"; sourceTree = "<group>"; };
		4C6E9F1815F98D1C00ED8996 /* AppDelegate.h */ = {isa = PBXFileReference; lastKnownFileType = sourcecode.c.h; path = AppDelegate.h; sourceTree = "<group>"; };
		4C6E9F1915F98D1C00ED8996 /* AppDelegate.m */ = {isa = PBXFileReference; lastKnownFileType = sourcecode.c.objc; path = AppDelegate.m; sourceTree = "<group>"; };
		4C6E9F1C15F98D1C00ED8996 /* en */ = {isa = PBXFileReference; lastKnownFileType = file.storyboard; name = en; path = en.lproj/MainStoryboard.storyboard; sourceTree = "<group>"; };
		4C6E9F1E15F98D1C00ED8996 /* ViewController.h */ = {isa = PBXFileReference; lastKnownFileType = sourcecode.c.h; path = ViewController.h; sourceTree = "<group>"; };
		4C6E9F1F15F98D1C00ED8996 /* ViewController.m */ = {isa = PBXFileReference; lastKnownFileType = sourcecode.c.objc; path = ViewController.m; sourceTree = "<group>"; };
		4C6E9F2615F98D1C00ED8996 /* DrawRainbowTests.octest */ = {isa = PBXFileReference; explicitFileType = wrapper.cfbundle; includeInIndex = 0; path = DrawRainbowTests.octest; sourceTree = BUILT_PRODUCTS_DIR; };
		4C6E9F2715F98D1C00ED8996 /* SenTestingKit.framework */ = {isa = PBXFileReference; lastKnownFileType = wrapper.framework; name = SenTestingKit.framework; path = Library/Frameworks/SenTestingKit.framework; sourceTree = DEVELOPER_DIR; };
		4C6E9F2F15F98D1C00ED8996 /* DrawRainbowTests-Info.plist */ = {isa = PBXFileReference; lastKnownFileType = text.plist.xml; path = "DrawRainbowTests-Info.plist"; sourceTree = "<group>"; };
		4C6E9F3115F98D1C00ED8996 /* en */ = {isa = PBXFileReference; lastKnownFileType = text.plist.strings; name = en; path = en.lproj/InfoPlist.strings; sourceTree = "<group>"; };
		4C6E9F3315F98D1C00ED8996 /* DrawRainbowTests.h */ = {isa = PBXFileReference; lastKnownFileType = sourcecode.c.h; path = DrawRainbowTests.h; sourceTree = "<group>"; };
		4C6E9F3415F98D1C00ED8996 /* DrawRainbowTests.m */ = {isa = PBXFileReference; lastKnownFileType = sourcecode.c.objc; path = DrawRainbowTests.m; sourceTree = "<group>"; };
/* End PBXFileReference section */

/* Begin PBXFrameworksBuildPhase section */
		4C6E9F0215F98D1C00ED8996 /* Frameworks */ = {
			isa = PBXFrameworksBuildPhase;
			buildActionMask = 2147483647;
			files = (
				4C6E9F0A15F98D1C00ED8996 /* UIKit.framework in Frameworks */,
				4C6E9F0C15F98D1C00ED8996 /* Foundation.framework in Frameworks */,
				4C6E9F0E15F98D1C00ED8996 /* CoreGraphics.framework in Frameworks */,
			);
			runOnlyForDeploymentPostprocessing = 0;
		};
		4C6E9F2215F98D1C00ED8996 /* Frameworks */ = {
			isa = PBXFrameworksBuildPhase;
			buildActionMask = 2147483647;
			files = (
				4C6E9F2815F98D1C00ED8996 /* SenTestingKit.framework in Frameworks */,
				4C6E9F2915F98D1C00ED8996 /* UIKit.framework in Frameworks */,
				4C6E9F2A15F98D1C00ED8996 /* Foundation.framework in Frameworks */,
			);
			runOnlyForDeploymentPostprocessing = 0;
		};
/* End PBXFrameworksBuildPhase section */

/* Begin PBXGroup section */
		4C6E9EFA15F98D1B00ED8996 = {
			isa = PBXGroup;
			children = (
				4C6E9F0F15F98D1C00ED8996 /* DrawRainbow */,
				4C6E9F2D15F98D1C00ED8996 /* DrawRainbowTests */,
				4C6E9F0815F98D1C00ED8996 /* Frameworks */,
				4C6E9F0615F98D1C00ED8996 /* Products */,
			);
			sourceTree = "<group>";
		};
		4C6E9F0615F98D1C00ED8996 /* Products */ = {
			isa = PBXGroup;
			children = (
				4C6E9F0515F98D1C00ED8996 /* DrawRainbow.app */,
				4C6E9F2615F98D1C00ED8996 /* DrawRainbowTests.octest */,
			);
			name = Products;
			sourceTree = "<group>";
		};
		4C6E9F0815F98D1C00ED8996 /* Frameworks */ = {
			isa = PBXGroup;
			children = (
				4C6E9F0915F98D1C00ED8996 /* UIKit.framework */,
				4C6E9F0B15F98D1C00ED8996 /* Foundation.framework */,
				4C6E9F0D15F98D1C00ED8996 /* CoreGraphics.framework */,
				4C6E9F2715F98D1C00ED8996 /* SenTestingKit.framework */,
			);
			name = Frameworks;
			sourceTree = "<group>";
		};
		4C6E9F0F15F98D1C00ED8996 /* DrawRainbow */ = {
			isa = PBXGroup;
			children = (
				4C6E9F1815F98D1C00ED8996 /* AppDelegate.h */,
				4C6E9F1915F98D1C00ED8996 /* AppDelegate.m */,
				4C6E9F1B15F98D1C00ED8996 /* MainStoryboard.storyboard */,
				4C6E9F1E15F98D1C00ED8996 /* ViewController.h */,
				4C6E9F1F15F98D1C00ED8996 /* ViewController.m */,
				4C6E9F1015F98D1C00ED8996 /* Supporting Files */,
			);
			path = DrawRainbow;
			sourceTree = "<group>";
		};
		4C6E9F1015F98D1C00ED8996 /* Supporting Files */ = {
			isa = PBXGroup;
			children = (
				4C6E9F1115F98D1C00ED8996 /* DrawRainbow-Info.plist */,
				4C6E9F1215F98D1C00ED8996 /* InfoPlist.strings */,
				4C6E9F1515F98D1C00ED8996 /* main.m */,
				4C6E9F1715F98D1C00ED8996 /* DrawRainbow-Prefix.pch */,
			);
			name = "Supporting Files";
			sourceTree = "<group>";
		};
		4C6E9F2D15F98D1C00ED8996 /* DrawRainbowTests */ = {
			isa = PBXGroup;
			children = (
				4C6E9F3315F98D1C00ED8996 /* DrawRainbowTests.h */,
				4C6E9F3415F98D1C00ED8996 /* DrawRainbowTests.m */,
				4C6E9F2E15F98D1C00ED8996 /* Supporting Files */,
			);
			path = DrawRainbowTests;
			sourceTree = "<group>";
		};
		4C6E9F2E15F98D1C00ED8996 /* Supporting Files */ = {
			isa = PBXGroup;
			children = (
				4C6E9F2F15F98D1C00ED8996 /* DrawRainbowTests-Info.plist */,
				4C6E9F3015F98D1C00ED8996 /* InfoPlist.strings */,
			);
			name = "Supporting Files";
			sourceTree = "<group>";
		};
/* End PBXGroup section */

/* Begin PBXNativeTarget section */
		4C6E9F0415F98D1C00ED8996 /* DrawRainbow */ = {
			isa = PBXNativeTarget;
			buildConfigurationList = 4C6E9F3815F98D1C00ED8996 /* Build configuration list for PBXNativeTarget "DrawRainbow" */;
			buildPhases = (
				4C6E9F0115F98D1C00ED8996 /* Sources */,
				4C6E9F0215F98D1C00ED8996 /* Frameworks */,
				4C6E9F0315F98D1C00ED8996 /* Resources */,
			);
			buildRules = (
			);
			dependencies = (
			);
			name = DrawRainbow;
			productName = DrawRainbow;
			productReference = 4C6E9F0515F98D1C00ED8996 /* DrawRainbow.app */;
			productType = "com.apple.product-type.application";
		};
		4C6E9F2515F98D1C00ED8996 /* DrawRainbowTests */ = {
			isa = PBXNativeTarget;
			buildConfigurationList = 4C6E9F3B15F98D1C00ED8996 /* Build configuration list for PBXNativeTarget "DrawRainbowTests" */;
			buildPhases = (
				4C6E9F2115F98D1C00ED8996 /* Sources */,
				4C6E9F2215F98D1C00ED8996 /* Frameworks */,
				4C6E9F2315F98D1C00ED8996 /* Resources */,
				4C6E9F2415F98D1C00ED8996 /* ShellScript */,
			);
			buildRules = (
			);
			dependencies = (
				4C6E9F2C15F98D1C00ED8996 /* PBXTargetDependency */,
			);
			name = DrawRainbowTests;
			productName = DrawRainbowTests;
			productReference = 4C6E9F2615F98D1C00ED8996 /* DrawRainbowTests.octest */;
			productType = "com.apple.product-type.bundle";
		};
/* End PBXNativeTarget section */

/* Begin PBXProject section */
		4C6E9EFC15F98D1B00ED8996 /* Project object */ = {
			isa = PBXProject;
			attributes = {
				LastUpgradeCheck = 0430;
				ORGANIZATIONNAME = "神戸大学";
			};
			buildConfigurationList = 4C6E9EFF15F98D1B00ED8996 /* Build configuration list for PBXProject "DrawRainbow" */;
			compatibilityVersion = "Xcode 3.2";
			developmentRegion = English;
			hasScannedForEncodings = 0;
			knownRegions = (
				en,
			);
			mainGroup = 4C6E9EFA15F98D1B00ED8996;
			productRefGroup = 4C6E9F0615F98D1C00ED8996 /* Products */;
			projectDirPath = "";
			projectRoot = "";
			targets = (
				4C6E9F0415F98D1C00ED8996 /* DrawRainbow */,
				4C6E9F2515F98D1C00ED8996 /* DrawRainbowTests */,
			);
		};
/* End PBXProject section */

/* Begin PBXResourcesBuildPhase section */
		4C6E9F0315F98D1C00ED8996 /* Resources */ = {
			isa = PBXResourcesBuildPhase;
			buildActionMask = 2147483647;
			files = (
				4C6E9F1415F98D1C00ED8996 /* InfoPlist.strings in Resources */,
				4C6E9F1D15F98D1C00ED8996 /* MainStoryboard.storyboard in Resources */,
			);
			runOnlyForDeploymentPostprocessing = 0;
		};
		4C6E9F2315F98D1C00ED8996 /* Resources */ = {
			isa = PBXResourcesBuildPhase;
			buildActionMask = 2147483647;
			files = (
				4C6E9F3215F98D1C00ED8996 /* InfoPlist.strings in Resources */,
			);
			runOnlyForDeploymentPostprocessing = 0;
		};
/* End PBXResourcesBuildPhase section */

/* Begin PBXShellScriptBuildPhase section */
		4C6E9F2415F98D1C00ED8996 /* ShellScript */ = {
			isa = PBXShellScriptBuildPhase;
			buildActionMask = 2147483647;
			files = (
			);
			inputPaths = (
			);
			outputPaths = (
			);
			runOnlyForDeploymentPostprocessing = 0;
			shellPath = /bin/sh;
			shellScript = "# Run the unit tests in this test bundle.\n\"${SYSTEM_DEVELOPER_DIR}/Tools/RunUnitTests\"\n";
		};
/* End PBXShellScriptBuildPhase section */

/* Begin PBXSourcesBuildPhase section */
		4C6E9F0115F98D1C00ED8996 /* Sources */ = {
			isa = PBXSourcesBuildPhase;
			buildActionMask = 2147483647;
			files = (
				4C6E9F1615F98D1C00ED8996 /* main.m in Sources */,
				4C6E9F1A15F98D1C00ED8996 /* AppDelegate.m in Sources */,
				4C6E9F2015F98D1C00ED8996 /* ViewController.m in Sources */,
			);
			runOnlyForDeploymentPostprocessing = 0;
		};
		4C6E9F2115F98D1C00ED8996 /* Sources */ = {
			isa = PBXSourcesBuildPhase;
			buildActionMask = 2147483647;
			files = (
				4C6E9F3515F98D1C00ED8996 /* DrawRainbowTests.m in Sources */,
			);
			runOnlyForDeploymentPostprocessing = 0;
		};
/* End PBXSourcesBuildPhase section */

/* Begin PBXTargetDependency section */
		4C6E9F2C15F98D1C00ED8996 /* PBXTargetDependency */ = {
			isa = PBXTargetDependency;
			target = 4C6E9F0415F98D1C00ED8996 /* DrawRainbow */;
			targetProxy = 4C6E9F2B15F98D1C00ED8996 /* PBXContainerItemProxy */;
		};
/* End PBXTargetDependency section */

/* Begin PBXVariantGroup section */
		4C6E9F1215F98D1C00ED8996 /* InfoPlist.strings */ = {
			isa = PBXVariantGroup;
			children = (
				4C6E9F1315F98D1C00ED8996 /* en */,
			);
			name = InfoPlist.strings;
			sourceTree = "<group>";
		};
		4C6E9F1B15F98D1C00ED8996 /* MainStoryboard.storyboard */ = {
			isa = PBXVariantGroup;
			children = (
				4C6E9F1C15F98D1C00ED8996 /* en */,
			);
			name = MainStoryboard.storyboard;
			sourceTree = "<group>";
		};
		4C6E9F3015F98D1C00ED8996 /* InfoPlist.strings */ = {
			isa = PBXVariantGroup;
			children = (
				4C6E9F3115F98D1C00ED8996 /* en */,
			);
			name = InfoPlist.strings;
			sourceTree = "<group>";
		};
/* End PBXVariantGroup section */

/* Begin XCBuildConfiguration section */
		4C6E9F3615F98D1C00ED8996 /* Debug */ = {
			isa = XCBuildConfiguration;
			buildSettings = {
				ALWAYS_SEARCH_USER_PATHS = NO;
				ARCHS = "$(ARCHS_STANDARD_32_BIT)";
				CLANG_ENABLE_OBJC_ARC = YES;
				"CODE_SIGN_IDENTITY[sdk=iphoneos*]" = "iPhone Developer";
				COPY_PHASE_STRIP = NO;
				GCC_C_LANGUAGE_STANDARD = gnu99;
				GCC_DYNAMIC_NO_PIC = NO;
				GCC_OPTIMIZATION_LEVEL = 0;
				GCC_PREPROCESSOR_DEFINITIONS = (
					"DEBUG=1",
					"$(inherited)",
				);
				GCC_SYMBOLS_PRIVATE_EXTERN = NO;
				GCC_VERSION = com.apple.compilers.llvm.clang.1_0;
				GCC_WARN_ABOUT_RETURN_TYPE = YES;
				GCC_WARN_UNINITIALIZED_AUTOS = YES;
				GCC_WARN_UNUSED_VARIABLE = YES;
				IPHONEOS_DEPLOYMENT_TARGET = 5.1;
				SDKROOT = iphoneos;
			};
			name = Debug;
		};
		4C6E9F3715F98D1C00ED8996 /* Release */ = {
			isa = XCBuildConfiguration;
			buildSettings = {
				ALWAYS_SEARCH_USER_PATHS = NO;
				ARCHS = "$(ARCHS_STANDARD_32_BIT)";
				CLANG_ENABLE_OBJC_ARC = YES;
				"CODE_SIGN_IDENTITY[sdk=iphoneos*]" = "iPhone Developer";
				COPY_PHASE_STRIP = YES;
				GCC_C_LANGUAGE_STANDARD = gnu99;
				GCC_VERSION = com.apple.compilers.llvm.clang.1_0;
				GCC_WARN_ABOUT_RETURN_TYPE = YES;
				GCC_WARN_UNINITIALIZED_AUTOS = YES;
				GCC_WARN_UNUSED_VARIABLE = YES;
				IPHONEOS_DEPLOYMENT_TARGET = 5.1;
				OTHER_CFLAGS = "-DNS_BLOCK_ASSERTIONS=1";
				SDKROOT = iphoneos;
				VALIDATE_PRODUCT = YES;
			};
			name = Release;
		};
		4C6E9F3915F98D1C00ED8996 /* Debug */ = {
			isa = XCBuildConfiguration;
			buildSettings = {
				GCC_PRECOMPILE_PREFIX_HEADER = YES;
				GCC_PREFIX_HEADER = "DrawRainbow/DrawRainbow-Prefix.pch";
				INFOPLIST_FILE = "DrawRainbow/DrawRainbow-Info.plist";
				PRODUCT_NAME = "$(TARGET_NAME)";
				WRAPPER_EXTENSION = app;
			};
			name = Debug;
		};
		4C6E9F3A15F98D1C00ED8996 /* Release */ = {
			isa = XCBuildConfiguration;
			buildSettings = {
				GCC_PRECOMPILE_PREFIX_HEADER = YES;
				GCC_PREFIX_HEADER = "DrawRainbow/DrawRainbow-Prefix.pch";
				INFOPLIST_FILE = "DrawRainbow/DrawRainbow-Info.plist";
				PRODUCT_NAME = "$(TARGET_NAME)";
				WRAPPER_EXTENSION = app;
			};
			name = Release;
		};
		4C6E9F3C15F98D1C00ED8996 /* Debug */ = {
			isa = XCBuildConfiguration;
			buildSettings = {
				BUNDLE_LOADER = "$(BUILT_PRODUCTS_DIR)/DrawRainbow.app/DrawRainbow";
				FRAMEWORK_SEARCH_PATHS = (
					"$(SDKROOT)/Developer/Library/Frameworks",
					"$(DEVELOPER_LIBRARY_DIR)/Frameworks",
				);
				GCC_PRECOMPILE_PREFIX_HEADER = YES;
				GCC_PREFIX_HEADER = "DrawRainbow/DrawRainbow-Prefix.pch";
				INFOPLIST_FILE = "DrawRainbowTests/DrawRainbowTests-Info.plist";
				PRODUCT_NAME = "$(TARGET_NAME)";
				TEST_HOST = "$(BUNDLE_LOADER)";
				WRAPPER_EXTENSION = octest;
			};
			name = Debug;
		};
		4C6E9F3D15F98D1C00ED8996 /* Release */ = {
			isa = XCBuildConfiguration;
			buildSettings = {
				BUNDLE_LOADER = "$(BUILT_PRODUCTS_DIR)/DrawRainbow.app/DrawRainbow";
				FRAMEWORK_SEARCH_PATHS = (
					"$(SDKROOT)/Developer/Library/Frameworks",
					"$(DEVELOPER_LIBRARY_DIR)/Frameworks",
				);
				GCC_PRECOMPILE_PREFIX_HEADER = YES;
				GCC_PREFIX_HEADER = "DrawRainbow/DrawRainbow-Prefix.pch";
				INFOPLIST_FILE = "DrawRainbowTests/DrawRainbowTests-Info.plist";
				PRODUCT_NAME = "$(TARGET_NAME)";
				TEST_HOST = "$(BUNDLE_LOADER)";
				WRAPPER_EXTENSION = octest;
			};
			name = Release;
		};
/* End XCBuildConfiguration section */

/* Begin XCConfigurationList section */
		4C6E9EFF15F98D1B00ED8996 /* Build configuration list for PBXProject "DrawRainbow" */ = {
			isa = XCConfigurationList;
			buildConfigurations = (
				4C6E9F3615F98D1C00ED8996 /* Debug */,
				4C6E9F3715F98D1C00ED8996 /* Release */,
			);
			defaultConfigurationIsVisible = 0;
			defaultConfigurationName = Release;
		};
		4C6E9F3815F98D1C00ED8996 /* Build configuration list for PBXNativeTarget "DrawRainbow" */ = {
			isa = XCConfigurationList;
			buildConfigurations = (
				4C6E9F3915F98D1C00ED8996 /* Debug */,
				4C6E9F3A15F98D1C00ED8996 /* Release */,
			);
			defaultConfigurationIsVisible = 0;
		};
		4C6E9F3B15F98D1C00ED8996 /* Build configuration list for PBXNativeTarget "DrawRainbowTests" */ = {
			isa = XCConfigurationList;
			buildConfigurations = (
				4C6E9F3C15F98D1C00ED8996 /* Debug */,
				4C6E9F3D15F98D1C00ED8996 /* Release */,
			);
			defaultConfigurationIsVisible = 0;
		};
/* End XCConfigurationList section */
	};
	rootObject = 4C6E9EFC15F98D1B00ED8996 /* Project object */;
}
